
Microsoft Visual Studio Solution File, Format Version 12.00
# Visual Studio Version 17
VisualStudioVersion = 17.1.32228.430
MinimumVisualStudioVersion = 10.0.40219.1
Project("{8BC9CEB8-8B4A-11D0-8D11-00A0C91BC942}") = "000_RealUnStart", "RealUnStart\RealUnStart.vcxproj", "{455B80F5-6DE3-4B93-97A1-BF1225DA0CDB}"
EndProject
Project("{2150E333-8FDC-42A3-9474-1A3956D46DE8}") = "Solution Items", "Solution Items", "{B18AFAF1-D362-41F7-B6EE-05CD47C12EDB}"
	ProjectSection(SolutionItems) = preProject
		Class.txt = Class.txt
		Stl.txt = Stl.txt
		객체지향.txt = 객체지향.txt
		빌드에 대한 이해.txt = 빌드에 대한 이해.txt
		용어설명.txt = 용어설명.txt
		자료구조 이론설명.txt = 자료구조 이론설명.txt
		프로그램의 기본원리.txt = 프로그램의 기본원리.txt
	EndProjectSection
EndProject
Project("{8BC9CEB8-8B4A-11D0-8D11-00A0C91BC942}") = "001_Memory", "001_Memory\001_Memory.vcxproj", "{63F23871-6BD4-4D1F-A51B-10D93261F409}"
EndProject
Project("{8BC9CEB8-8B4A-11D0-8D11-00A0C91BC942}") = "002_Var", "002_Var\002_Var.vcxproj", "{AF520810-C0FC-4497-BA40-51856FDCC3B8}"
EndProject
Project("{8BC9CEB8-8B4A-11D0-8D11-00A0C91BC942}") = "003_Function", "003_Function\003_Function.vcxproj", "{C14F3138-6BF8-415C-A6E9-34DD56188C6F}"
EndProject
Project("{8BC9CEB8-8B4A-11D0-8D11-00A0C91BC942}") = "004_FunctionEx", "004_FunctionEx\004_FunctionEx.vcxproj", "{79A20CE1-8BB2-47C9-8B5C-6BE46899C6FE}"
EndProject
Project("{8BC9CEB8-8B4A-11D0-8D11-00A0C91BC942}") = "005_Operator", "005_Operator\005_Operator.vcxproj", "{4DE9C592-F4D6-47EB-BF8E-DE15F111A87F}"
EndProject
Project("{8BC9CEB8-8B4A-11D0-8D11-00A0C91BC942}") = "006_Bit", "006_Bit\006_Bit.vcxproj", "{39CBEDF8-733B-4E7E-9787-DAE92E9CD393}"
EndProject
Project("{8BC9CEB8-8B4A-11D0-8D11-00A0C91BC942}") = "007_Build", "007_Build\007_Build.vcxproj", "{81FFEDED-A721-4423-90B5-672B5903F45E}"
EndProject
Project("{8BC9CEB8-8B4A-11D0-8D11-00A0C91BC942}") = "008_FUNCTIONMemory", "008_FUNCTIONMemory\008_FUNCTIONMemory.vcxproj", "{B7CD21DD-0A36-45B0-9556-25B0BE9FB7F0}"
EndProject
Project("{8BC9CEB8-8B4A-11D0-8D11-00A0C91BC942}") = "009_Pointer", "009_Pointer\009_Pointer.vcxproj", "{99073A42-FAAE-406A-8488-019272E53C6A}"
EndProject
Project("{8BC9CEB8-8B4A-11D0-8D11-00A0C91BC942}") = "010_TypeConvert", "010_TypeConvert\010_TypeConvert.vcxproj", "{D637B2C5-7811-44BF-A1BB-AAC475ACD9E7}"
EndProject
Project("{8BC9CEB8-8B4A-11D0-8D11-00A0C91BC942}") = "011_PointerOperator", "011_PointerOperator\011_PointerOperator.vcxproj", "{67741D79-4D67-4039-86F0-80D091275BFD}"
EndProject
Project("{8BC9CEB8-8B4A-11D0-8D11-00A0C91BC942}") = "012_PointerValue", "012_PointerValue\012_PointerValue.vcxproj", "{1851BCFB-CBEE-4054-ABC7-A1D923119F71}"
EndProject
Project("{8BC9CEB8-8B4A-11D0-8D11-00A0C91BC942}") = "013_If", "013_If\013_If.vcxproj", "{0D5FC766-E952-4B47-86A1-E001C2ADEBB0}"
EndProject
Project("{8BC9CEB8-8B4A-11D0-8D11-00A0C91BC942}") = "014_Return", "014_Return\014_Return.vcxproj", "{F42FF35C-6636-4A06-8CD6-4B40399C3E2B}"
EndProject
Project("{8BC9CEB8-8B4A-11D0-8D11-00A0C91BC942}") = "015_While", "015_While\015_While.vcxproj", "{29B5BB4A-B0C5-44CC-B990-2CBC248B7A6F}"
EndProject
Project("{8BC9CEB8-8B4A-11D0-8D11-00A0C91BC942}") = "016_For", "016_For\016_For.vcxproj", "{2FFC5A8E-BC57-46D9-A733-1E7CA44AE033}"
EndProject
Project("{2150E333-8FDC-42A3-9474-1A3956D46DE8}") = "Project", "Project", "{1C34028B-77E2-4E6A-8F6E-4F14B3798F9A}"
EndProject
Project("{8BC9CEB8-8B4A-11D0-8D11-00A0C91BC942}") = "TextRpg", "TextRpg\TextRpg.vcxproj", "{A3A3E897-DC10-46C0-A285-43AD69CA4807}"
EndProject
Project("{8BC9CEB8-8B4A-11D0-8D11-00A0C91BC942}") = "017_Class", "017_Class\017_Class.vcxproj", "{9D2F4483-BE82-4815-98C1-803485BC6B66}"
EndProject
Project("{8BC9CEB8-8B4A-11D0-8D11-00A0C91BC942}") = "018_MemberVar", "018_MemberVar\018_MemberVar.vcxproj", "{CF2DB8B2-1E65-42AC-944F-468BD3F6FB0A}"
EndProject
Project("{8BC9CEB8-8B4A-11D0-8D11-00A0C91BC942}") = "019_ClassAccess", "019_ClassAccess\019_ClassAccess.vcxproj", "{E51C1491-775A-4245-B7EB-BEBC9CAA9918}"
EndProject
Project("{8BC9CEB8-8B4A-11D0-8D11-00A0C91BC942}") = "020_ClassPointer", "020_ClassPointer\020_ClassPointer.vcxproj", "{C201E989-B113-45DF-8DD0-B9176803F58B}"
EndProject
Project("{8BC9CEB8-8B4A-11D0-8D11-00A0C91BC942}") = "021_ClassConstructer", "021_Constructer\021_Constructer.vcxproj", "{FE71A90A-6F66-44B9-87FA-EB921FED518C}"
EndProject
Project("{8BC9CEB8-8B4A-11D0-8D11-00A0C91BC942}") = "022_MemoryCreate", "022_MemoryCreate\022_MemoryCreate.vcxproj", "{43A1C4BB-3113-4289-9A84-C634F8FE7AE2}"
EndProject
Project("{8BC9CEB8-8B4A-11D0-8D11-00A0C91BC942}") = "023_ListInitialize", "023_ListInitialize\023_ListInitialize.vcxproj", "{8A72C5E9-7669-4CE4-881B-8D2B38DFE0A0}"
EndProject
Project("{8BC9CEB8-8B4A-11D0-8D11-00A0C91BC942}") = "024_MemberFunction", "024_MemberFunction\024_MemberFunction.vcxproj", "{16DC42AD-938E-4EC0-B9B8-A2FAEBFD7248}"
EndProject
Project("{8BC9CEB8-8B4A-11D0-8D11-00A0C91BC942}") = "025_Nullptr", "025_Nullptr\025_Nullptr.vcxproj", "{A002ED96-3CD1-40FD-AFDA-FC55012F74F4}"
EndProject
Project("{8BC9CEB8-8B4A-11D0-8D11-00A0C91BC942}") = "026_This", "026_This\026_This.vcxproj", "{8A1DEAB0-5AF2-4075-9CAA-D83C8A344C8B}"
EndProject
Project("{8BC9CEB8-8B4A-11D0-8D11-00A0C91BC942}") = "027_ConstAndRValueLValue", "027_ConstAndRValueLValue\027_ConstAndRValueLValue.vcxproj", "{A3197ACC-7222-43FA-A89B-98D3041E3B86}"
EndProject
Project("{8BC9CEB8-8B4A-11D0-8D11-00A0C91BC942}") = "028_Ref", "028_Ref\028_Ref.vcxproj", "{2DE9F939-007C-49D4-B21B-1EB8E6AE1238}"
EndProject
Project("{8BC9CEB8-8B4A-11D0-8D11-00A0C91BC942}") = "TextRpgClass", "TextRpgClass\TextRpgClass.vcxproj", "{A4DA22F4-D847-4527-BB37-2557448C5B20}"
EndProject
Project("{2150E333-8FDC-42A3-9474-1A3956D46DE8}") = "Sub", "Sub", "{50FD3EC0-CD11-4039-85FC-748910258458}"
EndProject
Project("{9A19103F-16F7-4668-BE54-9A1E7A4F7556}") = "ConsoleApp1", "ConsoleApp1\ConsoleApp1.csproj", "{06132462-4D5D-4D4D-AA14-F5A8FAFCB20F}"
EndProject
Project("{8BC9CEB8-8B4A-11D0-8D11-00A0C91BC942}") = "029_Sizeof", "029_Sizeof\029_Sizeof.vcxproj", "{46E0B937-B7AD-4EE2-A62C-951D05BC7310}"
EndProject
Project("{8BC9CEB8-8B4A-11D0-8D11-00A0C91BC942}") = "030_ClassOperator", "030_ClassOperator\030_ClassOperator.vcxproj", "{FEB98A5A-C374-4AF2-BF24-9F10CB5A7210}"
EndProject
Project("{8BC9CEB8-8B4A-11D0-8D11-00A0C91BC942}") = "031_FunctionOverLoading", "031_FunctionOverLoading\031_FunctionOverLoading.vcxproj", "{D13BA7D5-963F-4B0A-89EA-6F3FF5EA9966}"
EndProject
Project("{8BC9CEB8-8B4A-11D0-8D11-00A0C91BC942}") = "032_ClassOperatorEx", "032_ClassOperatorEx\032_ClassOperatorEx.vcxproj", "{B3168CD3-1A5C-4CE6-B80A-EF9841E8A657}"
EndProject
Project("{8BC9CEB8-8B4A-11D0-8D11-00A0C91BC942}") = "033_ClassDefault", "033_ClassDefault\033_ClassDefault.vcxproj", "{051B42C2-5D98-46E3-9237-576AB7FF8607}"
EndProject
Project("{8BC9CEB8-8B4A-11D0-8D11-00A0C91BC942}") = "034_Array", "034_Array\034_Array.vcxproj", "{2B44CA58-4653-479F-8F6D-1919E7287108}"
EndProject
Project("{8BC9CEB8-8B4A-11D0-8D11-00A0C91BC942}") = "035_nDArray", "035_nDArray\035_nDArray.vcxproj", "{8724BE52-6F60-4628-AD1E-29DDBEF74462}"
EndProject
Project("{8BC9CEB8-8B4A-11D0-8D11-00A0C91BC942}") = "036_Inheritance", "036_Inheritance\036_Inheritance.vcxproj", "{F40433E4-3C0B-43B0-86EC-D2EDF8A0C661}"
EndProject
Project("{8BC9CEB8-8B4A-11D0-8D11-00A0C91BC942}") = "037_UpdateCasting", "037_UpdateCasting\037_UpdateCasting.vcxproj", "{6A25D46B-EBAA-4D7D-B63E-4D6C29DF9E80}"
EndProject
Project("{8BC9CEB8-8B4A-11D0-8D11-00A0C91BC942}") = "038_OverRading", "038_OverRading\038_OverRading.vcxproj", "{10890FBC-D249-46B6-8EAB-A09E0DE1F653}"
EndProject
Project("{8BC9CEB8-8B4A-11D0-8D11-00A0C91BC942}") = "039_ClassSize", "039_ClassSize\039_ClassSize.vcxproj", "{639CD654-C41D-4F31-A989-69CE31213B7B}"
EndProject
Project("{8BC9CEB8-8B4A-11D0-8D11-00A0C91BC942}") = "040_FunctionPoint", "040_FunctionPoint\040_FunctionPoint.vcxproj", "{D2F9DDA5-70F0-422C-BA7B-A181671175E0}"
EndProject
Project("{8BC9CEB8-8B4A-11D0-8D11-00A0C91BC942}") = "041_MemberFunctionPtr", "041_MemberFunctionPtr\041_MemberFunctionPtr.vcxproj", "{CFB6D9B9-6B27-4F0C-90DB-F34EDEE51F49}"
EndProject
Project("{8BC9CEB8-8B4A-11D0-8D11-00A0C91BC942}") = "042_Vptr", "042_Vptr\042_Vptr.vcxproj", "{500C2129-139A-4CC9-99A6-BF9331360236}"
EndProject
Project("{8BC9CEB8-8B4A-11D0-8D11-00A0C91BC942}") = "043_thisEx", "043_thisEx\043_thisEx.vcxproj", "{A3555335-672D-46D3-B88C-B29E24552307}"
EndProject
Project("{8BC9CEB8-8B4A-11D0-8D11-00A0C91BC942}") = "044_String", "044_String\044_String.vcxproj", "{E564C8D9-37F4-4A8D-992A-E147BE4BB94C}"
EndProject
Project("{8BC9CEB8-8B4A-11D0-8D11-00A0C91BC942}") = "045_StringEx", "045_StringEx\045_StringEx.vcxproj", "{1B1CA6C8-EF94-4A42-B4DC-B9210C5FD606}"
EndProject
Project("{8BC9CEB8-8B4A-11D0-8D11-00A0C91BC942}") = "046_StringFunction", "046_StringFunction\046_StringFunction.vcxproj", "{7F291186-9E5A-4D58-8B57-E7F707362E93}"
EndProject
Project("{8BC9CEB8-8B4A-11D0-8D11-00A0C91BC942}") = "047_HeaderAndCpp", "047_HeaderAndCpp\047_HeaderAndCpp.vcxproj", "{E3F91DCF-8C74-4FBC-B41E-B3AFBD92A3EF}"
EndProject
Project("{8BC9CEB8-8B4A-11D0-8D11-00A0C91BC942}") = "048_ClassName", "048_ClassName\048_ClassName.vcxproj", "{FFB853D0-F249-404F-B7F3-E39F954EBB41}"
EndProject
Project("{8BC9CEB8-8B4A-11D0-8D11-00A0C91BC942}") = "049_ClassHeaderAndCpp", "049_ClassHeaderAndCpp\049_ClassHeaderAndCpp.vcxproj", "{6390C29C-2916-4A5C-A015-0C27BF25A062}"
EndProject
Project("{8BC9CEB8-8B4A-11D0-8D11-00A0C91BC942}") = "050_Desturcter", "050_Desturcter\050_Desturcter.vcxproj", "{AD16F49C-D8FD-4673-AB2B-DBC386F6EC53}"
EndProject
Project("{8BC9CEB8-8B4A-11D0-8D11-00A0C91BC942}") = "051_Heap", "051_Heap\051_Heap.vcxproj", "{DCC7A6D0-4658-42A7-919E-F07FC448A347}"
EndProject
Project("{8BC9CEB8-8B4A-11D0-8D11-00A0C91BC942}") = "052_New", "052_New\052_New.vcxproj", "{589F9684-B6E7-4E34-A20E-315CEFBB75A2}"
EndProject
Project("{8BC9CEB8-8B4A-11D0-8D11-00A0C91BC942}") = "053_Delete", "053_Delete\053_Delete.vcxproj", "{81FEA890-65A9-443D-977F-1E0AE18AFFE0}"
EndProject
Project("{8BC9CEB8-8B4A-11D0-8D11-00A0C91BC942}") = "054_Define", "054_Define\054_Define.vcxproj", "{8EE41EF6-4FC1-43BC-9C3A-41C905A1F9D2}"
EndProject
Project("{8BC9CEB8-8B4A-11D0-8D11-00A0C91BC942}") = "055_NewEx", "055_NewEx\055_NewEx.vcxproj", "{E6824B7A-C2DD-4B27-B33E-FDEF739AA0D7}"
EndProject
Project("{2150E333-8FDC-42A3-9474-1A3956D46DE8}") = "Stl", "Stl", "{2FA4B389-C3E5-4AEC-B018-063A3280393C}"
EndProject
Project("{8BC9CEB8-8B4A-11D0-8D11-00A0C91BC942}") = "StaticArray", "StaticArray\StaticArray.vcxproj", "{7E151C8D-8ADF-43D5-8D4B-735E4B7E6021}"
EndProject
Project("{8BC9CEB8-8B4A-11D0-8D11-00A0C91BC942}") = "056_Dangling_Pointer", "056_Dangling_Pointer\056_Dangling_Pointer.vcxproj", "{2F6D1472-A3C6-4D16-A52D-20418B0FC281}"
EndProject
Project("{8BC9CEB8-8B4A-11D0-8D11-00A0C91BC942}") = "057_DeepCopyShallowCopy", "057_DeepCopyShallowCopy\057_DeepCopyShallowCopy.vcxproj", "{4C4CEC5E-8A8E-418B-BA69-CB5B3127A76B}"
EndProject
Project("{8BC9CEB8-8B4A-11D0-8D11-00A0C91BC942}") = "058_ThiredOperator", "058_ThiredOperator\058_ThiredOperator.vcxproj", "{24C1BBC0-6ACF-401C-BB93-DA38222ABCC0}"
EndProject
Project("{8BC9CEB8-8B4A-11D0-8D11-00A0C91BC942}") = "059_Template", "059_Template\059_Template.vcxproj", "{6FE5BAB5-2282-48AC-BFF0-EDF78B169B77}"
EndProject
Project("{8BC9CEB8-8B4A-11D0-8D11-00A0C91BC942}") = "060_PrintfAndCout", "060_PrintfAndCout\060_PrintfAndCout.vcxproj", "{82080128-490D-41B3-9472-BC3A2D5C781D}"
EndProject
Project("{8BC9CEB8-8B4A-11D0-8D11-00A0C91BC942}") = "061_NameSpace", "061_NameSpace\061_NameSpace.vcxproj", "{6C13DF3C-6CB4-44FC-84AF-E8EEB98D11E8}"
EndProject
Project("{8BC9CEB8-8B4A-11D0-8D11-00A0C91BC942}") = "063_TemplateClass", "063_TemplateClass\063_TemplateClass.vcxproj", "{8D6C6492-6A5A-4D83-A15F-A7B0BE8DFEDA}"
EndProject
Project("{8BC9CEB8-8B4A-11D0-8D11-00A0C91BC942}") = "DynamicArray", "DynamicArray\DynamicArray.vcxproj", "{61584139-31BA-4E56-BBB8-7067B8F84913}"
EndProject
Project("{8BC9CEB8-8B4A-11D0-8D11-00A0C91BC942}") = "064_TemplateHeaderAndCpp", "064_TemplateHeaderAndCpp\064_TemplateHeaderAndCpp.vcxproj", "{4FA2BFA9-FDFA-4237-8557-65A7CE5839AA}"
EndProject
Project("{8BC9CEB8-8B4A-11D0-8D11-00A0C91BC942}") = "065_TypeDef", "065_TypeDef\065_TypeDef.vcxproj", "{8A76485C-C3BA-4F8F-8E32-EB801C84E2E9}"
EndProject
Project("{8BC9CEB8-8B4A-11D0-8D11-00A0C91BC942}") = "Node", "Node\Node.vcxproj", "{A2394ADE-9290-4074-B179-6D0C1E6EA00F}"
EndProject
Project("{8BC9CEB8-8B4A-11D0-8D11-00A0C91BC942}") = "066_TemplateDefaultValue", "066_TemplateDefaultValue\066_TemplateDefaultValue.vcxproj", "{83C3BE83-6CEE-4A67-B20D-15C287F0E52D}"
EndProject
Project("{8BC9CEB8-8B4A-11D0-8D11-00A0C91BC942}") = "067_DefaultValue", "067_DefaultValue\067_DefaultValue.vcxproj", "{CC2FD48C-44AE-481F-B009-D65DE565BB2D}"
EndProject
Project("{8BC9CEB8-8B4A-11D0-8D11-00A0C91BC942}") = "stdvector", "stdvector\stdvector.vcxproj", "{DA8BD537-2907-411F-9535-60C73F5DB535}"
EndProject
Project("{8BC9CEB8-8B4A-11D0-8D11-00A0C91BC942}") = "068_Assert", "068_Assert\068_Assert.vcxproj", "{026441C2-6CF5-423A-B9C3-113F98DA69E0}"
EndProject
Project("{8BC9CEB8-8B4A-11D0-8D11-00A0C91BC942}") = "069_MacroFunction", "069_MacroFunction\069_MacroFunction.vcxproj", "{BBF69EF8-F652-49B6-AA7C-4BC171FAE260}"
EndProject
Project("{8BC9CEB8-8B4A-11D0-8D11-00A0C91BC942}") = "DebugBase", "DebugBase\DebugBase.vcxproj", "{6BA8B44E-D8F9-463B-BE96-E16F190D7D8B}"
EndProject
Project("{8BC9CEB8-8B4A-11D0-8D11-00A0C91BC942}") = "stdstring", "stdstring\stdstring.vcxproj", "{9C6FBBEB-90B7-4E77-9C05-B16BD9CB4776}"
EndProject
Project("{8BC9CEB8-8B4A-11D0-8D11-00A0C91BC942}") = "070_RvalueRef", "070_RvalueRef\070_RvalueRef.vcxproj", "{E480DAC6-92B0-4E24-BAD2-8A8443118A39}"
EndProject
Project("{8BC9CEB8-8B4A-11D0-8D11-00A0C91BC942}") = "StringTest", "StringTest\StringTest.vcxproj", "{2BA49A59-C099-4A20-BEEB-68D24F054C18}"
EndProject
Project("{8BC9CEB8-8B4A-11D0-8D11-00A0C91BC942}") = "071_Static", "071_Static\071_Static.vcxproj", "{58B450C3-41F9-4A45-981D-F71A3337C161}"
EndProject
Project("{8BC9CEB8-8B4A-11D0-8D11-00A0C91BC942}") = "072_Extern", "072_Extern\072_Extern.vcxproj", "{A2271200-344B-4237-A44F-F79EC3E21613}"
EndProject
Project("{8BC9CEB8-8B4A-11D0-8D11-00A0C91BC942}") = "074_RValue", "074_RValue\074_RValue.vcxproj", "{51CC6DF7-24DA-4BD9-BF4B-DA6FF46A1DAC}"
EndProject
Project("{8BC9CEB8-8B4A-11D0-8D11-00A0C91BC942}") = "stdlist", "stdlist\stdlist.vcxproj", "{AFD9E7AF-17EF-4A32-9E0B-D16A628FDBDD}"
EndProject
Project("{8BC9CEB8-8B4A-11D0-8D11-00A0C91BC942}") = "075_PP", "075_PP\075_PP.vcxproj", "{EA721B70-7E69-4208-B64F-F2ECD35536D0}"
EndProject
Project("{8BC9CEB8-8B4A-11D0-8D11-00A0C91BC942}") = "076_InnerClass", "076_InnerClass\076_InnerClass.vcxproj", "{A555D7BC-3974-4271-B4B0-8330270A92DB}"
EndProject
Project("{8BC9CEB8-8B4A-11D0-8D11-00A0C91BC942}") = "077_Test", "077_Test\077_Test.vcxproj", "{93465780-387D-4CA9-B78F-BFBA12C899F5}"
EndProject
Project("{8BC9CEB8-8B4A-11D0-8D11-00A0C91BC942}") = "stdmap", "stdmap\stdmap.vcxproj", "{C54EE4BD-500F-40C4-AA10-C65CB10E3B77}"
EndProject
Global
	GlobalSection(SolutionConfigurationPlatforms) = preSolution
		Debug|Any CPU = Debug|Any CPU
		Debug|x64 = Debug|x64
		Debug|x86 = Debug|x86
		Release|Any CPU = Release|Any CPU
		Release|x64 = Release|x64
		Release|x86 = Release|x86
	EndGlobalSection
	GlobalSection(ProjectConfigurationPlatforms) = postSolution
		{455B80F5-6DE3-4B93-97A1-BF1225DA0CDB}.Debug|Any CPU.ActiveCfg = Debug|x64
		{455B80F5-6DE3-4B93-97A1-BF1225DA0CDB}.Debug|Any CPU.Build.0 = Debug|x64
		{455B80F5-6DE3-4B93-97A1-BF1225DA0CDB}.Debug|x64.ActiveCfg = Debug|x64
		{455B80F5-6DE3-4B93-97A1-BF1225DA0CDB}.Debug|x64.Build.0 = Debug|x64
		{455B80F5-6DE3-4B93-97A1-BF1225DA0CDB}.Debug|x86.ActiveCfg = Debug|Win32
		{455B80F5-6DE3-4B93-97A1-BF1225DA0CDB}.Debug|x86.Build.0 = Debug|Win32
		{455B80F5-6DE3-4B93-97A1-BF1225DA0CDB}.Release|Any CPU.ActiveCfg = Release|x64
		{455B80F5-6DE3-4B93-97A1-BF1225DA0CDB}.Release|Any CPU.Build.0 = Release|x64
		{455B80F5-6DE3-4B93-97A1-BF1225DA0CDB}.Release|x64.ActiveCfg = Release|x64
		{455B80F5-6DE3-4B93-97A1-BF1225DA0CDB}.Release|x64.Build.0 = Release|x64
		{455B80F5-6DE3-4B93-97A1-BF1225DA0CDB}.Release|x86.ActiveCfg = Release|Win32
		{455B80F5-6DE3-4B93-97A1-BF1225DA0CDB}.Release|x86.Build.0 = Release|Win32
		{63F23871-6BD4-4D1F-A51B-10D93261F409}.Debug|Any CPU.ActiveCfg = Debug|x64
		{63F23871-6BD4-4D1F-A51B-10D93261F409}.Debug|Any CPU.Build.0 = Debug|x64
		{63F23871-6BD4-4D1F-A51B-10D93261F409}.Debug|x64.ActiveCfg = Debug|x64
		{63F23871-6BD4-4D1F-A51B-10D93261F409}.Debug|x64.Build.0 = Debug|x64
		{63F23871-6BD4-4D1F-A51B-10D93261F409}.Debug|x86.ActiveCfg = Debug|Win32
		{63F23871-6BD4-4D1F-A51B-10D93261F409}.Debug|x86.Build.0 = Debug|Win32
		{63F23871-6BD4-4D1F-A51B-10D93261F409}.Release|Any CPU.ActiveCfg = Release|x64
		{63F23871-6BD4-4D1F-A51B-10D93261F409}.Release|Any CPU.Build.0 = Release|x64
		{63F23871-6BD4-4D1F-A51B-10D93261F409}.Release|x64.ActiveCfg = Release|x64
		{63F23871-6BD4-4D1F-A51B-10D93261F409}.Release|x64.Build.0 = Release|x64
		{63F23871-6BD4-4D1F-A51B-10D93261F409}.Release|x86.ActiveCfg = Release|Win32
		{63F23871-6BD4-4D1F-A51B-10D93261F409}.Release|x86.Build.0 = Release|Win32
		{AF520810-C0FC-4497-BA40-51856FDCC3B8}.Debug|Any CPU.ActiveCfg = Debug|x64
		{AF520810-C0FC-4497-BA40-51856FDCC3B8}.Debug|Any CPU.Build.0 = Debug|x64
		{AF520810-C0FC-4497-BA40-51856FDCC3B8}.Debug|x64.ActiveCfg = Debug|x64
		{AF520810-C0FC-4497-BA40-51856FDCC3B8}.Debug|x64.Build.0 = Debug|x64
		{AF520810-C0FC-4497-BA40-51856FDCC3B8}.Debug|x86.ActiveCfg = Debug|Win32
		{AF520810-C0FC-4497-BA40-51856FDCC3B8}.Debug|x86.Build.0 = Debug|Win32
		{AF520810-C0FC-4497-BA40-51856FDCC3B8}.Release|Any CPU.ActiveCfg = Release|x64
		{AF520810-C0FC-4497-BA40-51856FDCC3B8}.Release|Any CPU.Build.0 = Release|x64
		{AF520810-C0FC-4497-BA40-51856FDCC3B8}.Release|x64.ActiveCfg = Release|x64
		{AF520810-C0FC-4497-BA40-51856FDCC3B8}.Release|x64.Build.0 = Release|x64
		{AF520810-C0FC-4497-BA40-51856FDCC3B8}.Release|x86.ActiveCfg = Release|Win32
		{AF520810-C0FC-4497-BA40-51856FDCC3B8}.Release|x86.Build.0 = Release|Win32
		{C14F3138-6BF8-415C-A6E9-34DD56188C6F}.Debug|Any CPU.ActiveCfg = Debug|x64
		{C14F3138-6BF8-415C-A6E9-34DD56188C6F}.Debug|Any CPU.Build.0 = Debug|x64
		{C14F3138-6BF8-415C-A6E9-34DD56188C6F}.Debug|x64.ActiveCfg = Debug|x64
		{C14F3138-6BF8-415C-A6E9-34DD56188C6F}.Debug|x64.Build.0 = Debug|x64
		{C14F3138-6BF8-415C-A6E9-34DD56188C6F}.Debug|x86.ActiveCfg = Debug|Win32
		{C14F3138-6BF8-415C-A6E9-34DD56188C6F}.Debug|x86.Build.0 = Debug|Win32
		{C14F3138-6BF8-415C-A6E9-34DD56188C6F}.Release|Any CPU.ActiveCfg = Release|x64
		{C14F3138-6BF8-415C-A6E9-34DD56188C6F}.Release|Any CPU.Build.0 = Release|x64
		{C14F3138-6BF8-415C-A6E9-34DD56188C6F}.Release|x64.ActiveCfg = Release|x64
		{C14F3138-6BF8-415C-A6E9-34DD56188C6F}.Release|x64.Build.0 = Release|x64
		{C14F3138-6BF8-415C-A6E9-34DD56188C6F}.Release|x86.ActiveCfg = Release|Win32
		{C14F3138-6BF8-415C-A6E9-34DD56188C6F}.Release|x86.Build.0 = Release|Win32
		{79A20CE1-8BB2-47C9-8B5C-6BE46899C6FE}.Debug|Any CPU.ActiveCfg = Debug|x64
		{79A20CE1-8BB2-47C9-8B5C-6BE46899C6FE}.Debug|Any CPU.Build.0 = Debug|x64
		{79A20CE1-8BB2-47C9-8B5C-6BE46899C6FE}.Debug|x64.ActiveCfg = Debug|x64
		{79A20CE1-8BB2-47C9-8B5C-6BE46899C6FE}.Debug|x64.Build.0 = Debug|x64
		{79A20CE1-8BB2-47C9-8B5C-6BE46899C6FE}.Debug|x86.ActiveCfg = Debug|Win32
		{79A20CE1-8BB2-47C9-8B5C-6BE46899C6FE}.Debug|x86.Build.0 = Debug|Win32
		{79A20CE1-8BB2-47C9-8B5C-6BE46899C6FE}.Release|Any CPU.ActiveCfg = Release|x64
		{79A20CE1-8BB2-47C9-8B5C-6BE46899C6FE}.Release|Any CPU.Build.0 = Release|x64
		{79A20CE1-8BB2-47C9-8B5C-6BE46899C6FE}.Release|x64.ActiveCfg = Release|x64
		{79A20CE1-8BB2-47C9-8B5C-6BE46899C6FE}.Release|x64.Build.0 = Release|x64
		{79A20CE1-8BB2-47C9-8B5C-6BE46899C6FE}.Release|x86.ActiveCfg = Release|Win32
		{79A20CE1-8BB2-47C9-8B5C-6BE46899C6FE}.Release|x86.Build.0 = Release|Win32
		{4DE9C592-F4D6-47EB-BF8E-DE15F111A87F}.Debug|Any CPU.ActiveCfg = Debug|x64
		{4DE9C592-F4D6-47EB-BF8E-DE15F111A87F}.Debug|Any CPU.Build.0 = Debug|x64
		{4DE9C592-F4D6-47EB-BF8E-DE15F111A87F}.Debug|x64.ActiveCfg = Debug|x64
		{4DE9C592-F4D6-47EB-BF8E-DE15F111A87F}.Debug|x64.Build.0 = Debug|x64
		{4DE9C592-F4D6-47EB-BF8E-DE15F111A87F}.Debug|x86.ActiveCfg = Debug|Win32
		{4DE9C592-F4D6-47EB-BF8E-DE15F111A87F}.Debug|x86.Build.0 = Debug|Win32
		{4DE9C592-F4D6-47EB-BF8E-DE15F111A87F}.Release|Any CPU.ActiveCfg = Release|x64
		{4DE9C592-F4D6-47EB-BF8E-DE15F111A87F}.Release|Any CPU.Build.0 = Release|x64
		{4DE9C592-F4D6-47EB-BF8E-DE15F111A87F}.Release|x64.ActiveCfg = Release|x64
		{4DE9C592-F4D6-47EB-BF8E-DE15F111A87F}.Release|x64.Build.0 = Release|x64
		{4DE9C592-F4D6-47EB-BF8E-DE15F111A87F}.Release|x86.ActiveCfg = Release|Win32
		{4DE9C592-F4D6-47EB-BF8E-DE15F111A87F}.Release|x86.Build.0 = Release|Win32
		{39CBEDF8-733B-4E7E-9787-DAE92E9CD393}.Debug|Any CPU.ActiveCfg = Debug|x64
		{39CBEDF8-733B-4E7E-9787-DAE92E9CD393}.Debug|Any CPU.Build.0 = Debug|x64
		{39CBEDF8-733B-4E7E-9787-DAE92E9CD393}.Debug|x64.ActiveCfg = Debug|x64
		{39CBEDF8-733B-4E7E-9787-DAE92E9CD393}.Debug|x64.Build.0 = Debug|x64
		{39CBEDF8-733B-4E7E-9787-DAE92E9CD393}.Debug|x86.ActiveCfg = Debug|Win32
		{39CBEDF8-733B-4E7E-9787-DAE92E9CD393}.Debug|x86.Build.0 = Debug|Win32
		{39CBEDF8-733B-4E7E-9787-DAE92E9CD393}.Release|Any CPU.ActiveCfg = Release|x64
		{39CBEDF8-733B-4E7E-9787-DAE92E9CD393}.Release|Any CPU.Build.0 = Release|x64
		{39CBEDF8-733B-4E7E-9787-DAE92E9CD393}.Release|x64.ActiveCfg = Release|x64
		{39CBEDF8-733B-4E7E-9787-DAE92E9CD393}.Release|x64.Build.0 = Release|x64
		{39CBEDF8-733B-4E7E-9787-DAE92E9CD393}.Release|x86.ActiveCfg = Release|Win32
		{39CBEDF8-733B-4E7E-9787-DAE92E9CD393}.Release|x86.Build.0 = Release|Win32
		{81FFEDED-A721-4423-90B5-672B5903F45E}.Debug|Any CPU.ActiveCfg = Debug|x64
		{81FFEDED-A721-4423-90B5-672B5903F45E}.Debug|Any CPU.Build.0 = Debug|x64
		{81FFEDED-A721-4423-90B5-672B5903F45E}.Debug|x64.ActiveCfg = Debug|x64
		{81FFEDED-A721-4423-90B5-672B5903F45E}.Debug|x64.Build.0 = Debug|x64
		{81FFEDED-A721-4423-90B5-672B5903F45E}.Debug|x86.ActiveCfg = Debug|Win32
		{81FFEDED-A721-4423-90B5-672B5903F45E}.Debug|x86.Build.0 = Debug|Win32
		{81FFEDED-A721-4423-90B5-672B5903F45E}.Release|Any CPU.ActiveCfg = Release|x64
		{81FFEDED-A721-4423-90B5-672B5903F45E}.Release|Any CPU.Build.0 = Release|x64
		{81FFEDED-A721-4423-90B5-672B5903F45E}.Release|x64.ActiveCfg = Release|x64
		{81FFEDED-A721-4423-90B5-672B5903F45E}.Release|x64.Build.0 = Release|x64
		{81FFEDED-A721-4423-90B5-672B5903F45E}.Release|x86.ActiveCfg = Release|Win32
		{81FFEDED-A721-4423-90B5-672B5903F45E}.Release|x86.Build.0 = Release|Win32
		{B7CD21DD-0A36-45B0-9556-25B0BE9FB7F0}.Debug|Any CPU.ActiveCfg = Debug|x64
		{B7CD21DD-0A36-45B0-9556-25B0BE9FB7F0}.Debug|Any CPU.Build.0 = Debug|x64
		{B7CD21DD-0A36-45B0-9556-25B0BE9FB7F0}.Debug|x64.ActiveCfg = Debug|x64
		{B7CD21DD-0A36-45B0-9556-25B0BE9FB7F0}.Debug|x64.Build.0 = Debug|x64
		{B7CD21DD-0A36-45B0-9556-25B0BE9FB7F0}.Debug|x86.ActiveCfg = Debug|Win32
		{B7CD21DD-0A36-45B0-9556-25B0BE9FB7F0}.Debug|x86.Build.0 = Debug|Win32
		{B7CD21DD-0A36-45B0-9556-25B0BE9FB7F0}.Release|Any CPU.ActiveCfg = Release|x64
		{B7CD21DD-0A36-45B0-9556-25B0BE9FB7F0}.Release|Any CPU.Build.0 = Release|x64
		{B7CD21DD-0A36-45B0-9556-25B0BE9FB7F0}.Release|x64.ActiveCfg = Release|x64
		{B7CD21DD-0A36-45B0-9556-25B0BE9FB7F0}.Release|x64.Build.0 = Release|x64
		{B7CD21DD-0A36-45B0-9556-25B0BE9FB7F0}.Release|x86.ActiveCfg = Release|Win32
		{B7CD21DD-0A36-45B0-9556-25B0BE9FB7F0}.Release|x86.Build.0 = Release|Win32
		{99073A42-FAAE-406A-8488-019272E53C6A}.Debug|Any CPU.ActiveCfg = Debug|x64
		{99073A42-FAAE-406A-8488-019272E53C6A}.Debug|Any CPU.Build.0 = Debug|x64
		{99073A42-FAAE-406A-8488-019272E53C6A}.Debug|x64.ActiveCfg = Debug|x64
		{99073A42-FAAE-406A-8488-019272E53C6A}.Debug|x64.Build.0 = Debug|x64
		{99073A42-FAAE-406A-8488-019272E53C6A}.Debug|x86.ActiveCfg = Debug|Win32
		{99073A42-FAAE-406A-8488-019272E53C6A}.Debug|x86.Build.0 = Debug|Win32
		{99073A42-FAAE-406A-8488-019272E53C6A}.Release|Any CPU.ActiveCfg = Release|x64
		{99073A42-FAAE-406A-8488-019272E53C6A}.Release|Any CPU.Build.0 = Release|x64
		{99073A42-FAAE-406A-8488-019272E53C6A}.Release|x64.ActiveCfg = Release|x64
		{99073A42-FAAE-406A-8488-019272E53C6A}.Release|x64.Build.0 = Release|x64
		{99073A42-FAAE-406A-8488-019272E53C6A}.Release|x86.ActiveCfg = Release|Win32
		{99073A42-FAAE-406A-8488-019272E53C6A}.Release|x86.Build.0 = Release|Win32
		{D637B2C5-7811-44BF-A1BB-AAC475ACD9E7}.Debug|Any CPU.ActiveCfg = Debug|x64
		{D637B2C5-7811-44BF-A1BB-AAC475ACD9E7}.Debug|Any CPU.Build.0 = Debug|x64
		{D637B2C5-7811-44BF-A1BB-AAC475ACD9E7}.Debug|x64.ActiveCfg = Debug|x64
		{D637B2C5-7811-44BF-A1BB-AAC475ACD9E7}.Debug|x64.Build.0 = Debug|x64
		{D637B2C5-7811-44BF-A1BB-AAC475ACD9E7}.Debug|x86.ActiveCfg = Debug|Win32
		{D637B2C5-7811-44BF-A1BB-AAC475ACD9E7}.Debug|x86.Build.0 = Debug|Win32
		{D637B2C5-7811-44BF-A1BB-AAC475ACD9E7}.Release|Any CPU.ActiveCfg = Release|x64
		{D637B2C5-7811-44BF-A1BB-AAC475ACD9E7}.Release|Any CPU.Build.0 = Release|x64
		{D637B2C5-7811-44BF-A1BB-AAC475ACD9E7}.Release|x64.ActiveCfg = Release|x64
		{D637B2C5-7811-44BF-A1BB-AAC475ACD9E7}.Release|x64.Build.0 = Release|x64
		{D637B2C5-7811-44BF-A1BB-AAC475ACD9E7}.Release|x86.ActiveCfg = Release|Win32
		{D637B2C5-7811-44BF-A1BB-AAC475ACD9E7}.Release|x86.Build.0 = Release|Win32
		{67741D79-4D67-4039-86F0-80D091275BFD}.Debug|Any CPU.ActiveCfg = Debug|x64
		{67741D79-4D67-4039-86F0-80D091275BFD}.Debug|Any CPU.Build.0 = Debug|x64
		{67741D79-4D67-4039-86F0-80D091275BFD}.Debug|x64.ActiveCfg = Debug|x64
		{67741D79-4D67-4039-86F0-80D091275BFD}.Debug|x64.Build.0 = Debug|x64
		{67741D79-4D67-4039-86F0-80D091275BFD}.Debug|x86.ActiveCfg = Debug|Win32
		{67741D79-4D67-4039-86F0-80D091275BFD}.Debug|x86.Build.0 = Debug|Win32
		{67741D79-4D67-4039-86F0-80D091275BFD}.Release|Any CPU.ActiveCfg = Release|x64
		{67741D79-4D67-4039-86F0-80D091275BFD}.Release|Any CPU.Build.0 = Release|x64
		{67741D79-4D67-4039-86F0-80D091275BFD}.Release|x64.ActiveCfg = Release|x64
		{67741D79-4D67-4039-86F0-80D091275BFD}.Release|x64.Build.0 = Release|x64
		{67741D79-4D67-4039-86F0-80D091275BFD}.Release|x86.ActiveCfg = Release|Win32
		{67741D79-4D67-4039-86F0-80D091275BFD}.Release|x86.Build.0 = Release|Win32
		{1851BCFB-CBEE-4054-ABC7-A1D923119F71}.Debug|Any CPU.ActiveCfg = Debug|x64
		{1851BCFB-CBEE-4054-ABC7-A1D923119F71}.Debug|Any CPU.Build.0 = Debug|x64
		{1851BCFB-CBEE-4054-ABC7-A1D923119F71}.Debug|x64.ActiveCfg = Debug|x64
		{1851BCFB-CBEE-4054-ABC7-A1D923119F71}.Debug|x64.Build.0 = Debug|x64
		{1851BCFB-CBEE-4054-ABC7-A1D923119F71}.Debug|x86.ActiveCfg = Debug|Win32
		{1851BCFB-CBEE-4054-ABC7-A1D923119F71}.Debug|x86.Build.0 = Debug|Win32
		{1851BCFB-CBEE-4054-ABC7-A1D923119F71}.Release|Any CPU.ActiveCfg = Release|x64
		{1851BCFB-CBEE-4054-ABC7-A1D923119F71}.Release|Any CPU.Build.0 = Release|x64
		{1851BCFB-CBEE-4054-ABC7-A1D923119F71}.Release|x64.ActiveCfg = Release|x64
		{1851BCFB-CBEE-4054-ABC7-A1D923119F71}.Release|x64.Build.0 = Release|x64
		{1851BCFB-CBEE-4054-ABC7-A1D923119F71}.Release|x86.ActiveCfg = Release|Win32
		{1851BCFB-CBEE-4054-ABC7-A1D923119F71}.Release|x86.Build.0 = Release|Win32
		{0D5FC766-E952-4B47-86A1-E001C2ADEBB0}.Debug|Any CPU.ActiveCfg = Debug|x64
		{0D5FC766-E952-4B47-86A1-E001C2ADEBB0}.Debug|Any CPU.Build.0 = Debug|x64
		{0D5FC766-E952-4B47-86A1-E001C2ADEBB0}.Debug|x64.ActiveCfg = Debug|x64
		{0D5FC766-E952-4B47-86A1-E001C2ADEBB0}.Debug|x64.Build.0 = Debug|x64
		{0D5FC766-E952-4B47-86A1-E001C2ADEBB0}.Debug|x86.ActiveCfg = Debug|Win32
		{0D5FC766-E952-4B47-86A1-E001C2ADEBB0}.Debug|x86.Build.0 = Debug|Win32
		{0D5FC766-E952-4B47-86A1-E001C2ADEBB0}.Release|Any CPU.ActiveCfg = Release|x64
		{0D5FC766-E952-4B47-86A1-E001C2ADEBB0}.Release|Any CPU.Build.0 = Release|x64
		{0D5FC766-E952-4B47-86A1-E001C2ADEBB0}.Release|x64.ActiveCfg = Release|x64
		{0D5FC766-E952-4B47-86A1-E001C2ADEBB0}.Release|x64.Build.0 = Release|x64
		{0D5FC766-E952-4B47-86A1-E001C2ADEBB0}.Release|x86.ActiveCfg = Release|Win32
		{0D5FC766-E952-4B47-86A1-E001C2ADEBB0}.Release|x86.Build.0 = Release|Win32
		{F42FF35C-6636-4A06-8CD6-4B40399C3E2B}.Debug|Any CPU.ActiveCfg = Debug|x64
		{F42FF35C-6636-4A06-8CD6-4B40399C3E2B}.Debug|Any CPU.Build.0 = Debug|x64
		{F42FF35C-6636-4A06-8CD6-4B40399C3E2B}.Debug|x64.ActiveCfg = Debug|x64
		{F42FF35C-6636-4A06-8CD6-4B40399C3E2B}.Debug|x64.Build.0 = Debug|x64
		{F42FF35C-6636-4A06-8CD6-4B40399C3E2B}.Debug|x86.ActiveCfg = Debug|Win32
		{F42FF35C-6636-4A06-8CD6-4B40399C3E2B}.Debug|x86.Build.0 = Debug|Win32
		{F42FF35C-6636-4A06-8CD6-4B40399C3E2B}.Release|Any CPU.ActiveCfg = Release|x64
		{F42FF35C-6636-4A06-8CD6-4B40399C3E2B}.Release|Any CPU.Build.0 = Release|x64
		{F42FF35C-6636-4A06-8CD6-4B40399C3E2B}.Release|x64.ActiveCfg = Release|x64
		{F42FF35C-6636-4A06-8CD6-4B40399C3E2B}.Release|x64.Build.0 = Release|x64
		{F42FF35C-6636-4A06-8CD6-4B40399C3E2B}.Release|x86.ActiveCfg = Release|Win32
		{F42FF35C-6636-4A06-8CD6-4B40399C3E2B}.Release|x86.Build.0 = Release|Win32
		{29B5BB4A-B0C5-44CC-B990-2CBC248B7A6F}.Debug|Any CPU.ActiveCfg = Debug|x64
		{29B5BB4A-B0C5-44CC-B990-2CBC248B7A6F}.Debug|Any CPU.Build.0 = Debug|x64
		{29B5BB4A-B0C5-44CC-B990-2CBC248B7A6F}.Debug|x64.ActiveCfg = Debug|x64
		{29B5BB4A-B0C5-44CC-B990-2CBC248B7A6F}.Debug|x64.Build.0 = Debug|x64
		{29B5BB4A-B0C5-44CC-B990-2CBC248B7A6F}.Debug|x86.ActiveCfg = Debug|Win32
		{29B5BB4A-B0C5-44CC-B990-2CBC248B7A6F}.Debug|x86.Build.0 = Debug|Win32
		{29B5BB4A-B0C5-44CC-B990-2CBC248B7A6F}.Release|Any CPU.ActiveCfg = Release|x64
		{29B5BB4A-B0C5-44CC-B990-2CBC248B7A6F}.Release|Any CPU.Build.0 = Release|x64
		{29B5BB4A-B0C5-44CC-B990-2CBC248B7A6F}.Release|x64.ActiveCfg = Release|x64
		{29B5BB4A-B0C5-44CC-B990-2CBC248B7A6F}.Release|x64.Build.0 = Release|x64
		{29B5BB4A-B0C5-44CC-B990-2CBC248B7A6F}.Release|x86.ActiveCfg = Release|Win32
		{29B5BB4A-B0C5-44CC-B990-2CBC248B7A6F}.Release|x86.Build.0 = Release|Win32
		{2FFC5A8E-BC57-46D9-A733-1E7CA44AE033}.Debug|Any CPU.ActiveCfg = Debug|x64
		{2FFC5A8E-BC57-46D9-A733-1E7CA44AE033}.Debug|Any CPU.Build.0 = Debug|x64
		{2FFC5A8E-BC57-46D9-A733-1E7CA44AE033}.Debug|x64.ActiveCfg = Debug|x64
		{2FFC5A8E-BC57-46D9-A733-1E7CA44AE033}.Debug|x64.Build.0 = Debug|x64
		{2FFC5A8E-BC57-46D9-A733-1E7CA44AE033}.Debug|x86.ActiveCfg = Debug|Win32
		{2FFC5A8E-BC57-46D9-A733-1E7CA44AE033}.Debug|x86.Build.0 = Debug|Win32
		{2FFC5A8E-BC57-46D9-A733-1E7CA44AE033}.Release|Any CPU.ActiveCfg = Release|x64
		{2FFC5A8E-BC57-46D9-A733-1E7CA44AE033}.Release|Any CPU.Build.0 = Release|x64
		{2FFC5A8E-BC57-46D9-A733-1E7CA44AE033}.Release|x64.ActiveCfg = Release|x64
		{2FFC5A8E-BC57-46D9-A733-1E7CA44AE033}.Release|x64.Build.0 = Release|x64
		{2FFC5A8E-BC57-46D9-A733-1E7CA44AE033}.Release|x86.ActiveCfg = Release|Win32
		{2FFC5A8E-BC57-46D9-A733-1E7CA44AE033}.Release|x86.Build.0 = Release|Win32
		{A3A3E897-DC10-46C0-A285-43AD69CA4807}.Debug|Any CPU.ActiveCfg = Debug|x64
		{A3A3E897-DC10-46C0-A285-43AD69CA4807}.Debug|Any CPU.Build.0 = Debug|x64
		{A3A3E897-DC10-46C0-A285-43AD69CA4807}.Debug|x64.ActiveCfg = Debug|x64
		{A3A3E897-DC10-46C0-A285-43AD69CA4807}.Debug|x64.Build.0 = Debug|x64
		{A3A3E897-DC10-46C0-A285-43AD69CA4807}.Debug|x86.ActiveCfg = Debug|Win32
		{A3A3E897-DC10-46C0-A285-43AD69CA4807}.Debug|x86.Build.0 = Debug|Win32
		{A3A3E897-DC10-46C0-A285-43AD69CA4807}.Release|Any CPU.ActiveCfg = Release|x64
		{A3A3E897-DC10-46C0-A285-43AD69CA4807}.Release|Any CPU.Build.0 = Release|x64
		{A3A3E897-DC10-46C0-A285-43AD69CA4807}.Release|x64.ActiveCfg = Release|x64
		{A3A3E897-DC10-46C0-A285-43AD69CA4807}.Release|x64.Build.0 = Release|x64
		{A3A3E897-DC10-46C0-A285-43AD69CA4807}.Release|x86.ActiveCfg = Release|Win32
		{A3A3E897-DC10-46C0-A285-43AD69CA4807}.Release|x86.Build.0 = Release|Win32
		{9D2F4483-BE82-4815-98C1-803485BC6B66}.Debug|Any CPU.ActiveCfg = Debug|x64
		{9D2F4483-BE82-4815-98C1-803485BC6B66}.Debug|Any CPU.Build.0 = Debug|x64
		{9D2F4483-BE82-4815-98C1-803485BC6B66}.Debug|x64.ActiveCfg = Debug|x64
		{9D2F4483-BE82-4815-98C1-803485BC6B66}.Debug|x64.Build.0 = Debug|x64
		{9D2F4483-BE82-4815-98C1-803485BC6B66}.Debug|x86.ActiveCfg = Debug|Win32
		{9D2F4483-BE82-4815-98C1-803485BC6B66}.Debug|x86.Build.0 = Debug|Win32
		{9D2F4483-BE82-4815-98C1-803485BC6B66}.Release|Any CPU.ActiveCfg = Release|x64
		{9D2F4483-BE82-4815-98C1-803485BC6B66}.Release|Any CPU.Build.0 = Release|x64
		{9D2F4483-BE82-4815-98C1-803485BC6B66}.Release|x64.ActiveCfg = Release|x64
		{9D2F4483-BE82-4815-98C1-803485BC6B66}.Release|x64.Build.0 = Release|x64
		{9D2F4483-BE82-4815-98C1-803485BC6B66}.Release|x86.ActiveCfg = Release|Win32
		{9D2F4483-BE82-4815-98C1-803485BC6B66}.Release|x86.Build.0 = Release|Win32
		{CF2DB8B2-1E65-42AC-944F-468BD3F6FB0A}.Debug|Any CPU.ActiveCfg = Debug|x64
		{CF2DB8B2-1E65-42AC-944F-468BD3F6FB0A}.Debug|Any CPU.Build.0 = Debug|x64
		{CF2DB8B2-1E65-42AC-944F-468BD3F6FB0A}.Debug|x64.ActiveCfg = Debug|x64
		{CF2DB8B2-1E65-42AC-944F-468BD3F6FB0A}.Debug|x64.Build.0 = Debug|x64
		{CF2DB8B2-1E65-42AC-944F-468BD3F6FB0A}.Debug|x86.ActiveCfg = Debug|Win32
		{CF2DB8B2-1E65-42AC-944F-468BD3F6FB0A}.Debug|x86.Build.0 = Debug|Win32
		{CF2DB8B2-1E65-42AC-944F-468BD3F6FB0A}.Release|Any CPU.ActiveCfg = Release|x64
		{CF2DB8B2-1E65-42AC-944F-468BD3F6FB0A}.Release|Any CPU.Build.0 = Release|x64
		{CF2DB8B2-1E65-42AC-944F-468BD3F6FB0A}.Release|x64.ActiveCfg = Release|x64
		{CF2DB8B2-1E65-42AC-944F-468BD3F6FB0A}.Release|x64.Build.0 = Release|x64
		{CF2DB8B2-1E65-42AC-944F-468BD3F6FB0A}.Release|x86.ActiveCfg = Release|Win32
		{CF2DB8B2-1E65-42AC-944F-468BD3F6FB0A}.Release|x86.Build.0 = Release|Win32
		{E51C1491-775A-4245-B7EB-BEBC9CAA9918}.Debug|Any CPU.ActiveCfg = Debug|x64
		{E51C1491-775A-4245-B7EB-BEBC9CAA9918}.Debug|Any CPU.Build.0 = Debug|x64
		{E51C1491-775A-4245-B7EB-BEBC9CAA9918}.Debug|x64.ActiveCfg = Debug|x64
		{E51C1491-775A-4245-B7EB-BEBC9CAA9918}.Debug|x64.Build.0 = Debug|x64
		{E51C1491-775A-4245-B7EB-BEBC9CAA9918}.Debug|x86.ActiveCfg = Debug|Win32
		{E51C1491-775A-4245-B7EB-BEBC9CAA9918}.Debug|x86.Build.0 = Debug|Win32
		{E51C1491-775A-4245-B7EB-BEBC9CAA9918}.Release|Any CPU.ActiveCfg = Release|x64
		{E51C1491-775A-4245-B7EB-BEBC9CAA9918}.Release|Any CPU.Build.0 = Release|x64
		{E51C1491-775A-4245-B7EB-BEBC9CAA9918}.Release|x64.ActiveCfg = Release|x64
		{E51C1491-775A-4245-B7EB-BEBC9CAA9918}.Release|x64.Build.0 = Release|x64
		{E51C1491-775A-4245-B7EB-BEBC9CAA9918}.Release|x86.ActiveCfg = Release|Win32
		{E51C1491-775A-4245-B7EB-BEBC9CAA9918}.Release|x86.Build.0 = Release|Win32
		{C201E989-B113-45DF-8DD0-B9176803F58B}.Debug|Any CPU.ActiveCfg = Debug|x64
		{C201E989-B113-45DF-8DD0-B9176803F58B}.Debug|Any CPU.Build.0 = Debug|x64
		{C201E989-B113-45DF-8DD0-B9176803F58B}.Debug|x64.ActiveCfg = Debug|x64
		{C201E989-B113-45DF-8DD0-B9176803F58B}.Debug|x64.Build.0 = Debug|x64
		{C201E989-B113-45DF-8DD0-B9176803F58B}.Debug|x86.ActiveCfg = Debug|Win32
		{C201E989-B113-45DF-8DD0-B9176803F58B}.Debug|x86.Build.0 = Debug|Win32
		{C201E989-B113-45DF-8DD0-B9176803F58B}.Release|Any CPU.ActiveCfg = Release|x64
		{C201E989-B113-45DF-8DD0-B9176803F58B}.Release|Any CPU.Build.0 = Release|x64
		{C201E989-B113-45DF-8DD0-B9176803F58B}.Release|x64.ActiveCfg = Release|x64
		{C201E989-B113-45DF-8DD0-B9176803F58B}.Release|x64.Build.0 = Release|x64
		{C201E989-B113-45DF-8DD0-B9176803F58B}.Release|x86.ActiveCfg = Release|Win32
		{C201E989-B113-45DF-8DD0-B9176803F58B}.Release|x86.Build.0 = Release|Win32
		{FE71A90A-6F66-44B9-87FA-EB921FED518C}.Debug|Any CPU.ActiveCfg = Debug|x64
		{FE71A90A-6F66-44B9-87FA-EB921FED518C}.Debug|Any CPU.Build.0 = Debug|x64
		{FE71A90A-6F66-44B9-87FA-EB921FED518C}.Debug|x64.ActiveCfg = Debug|x64
		{FE71A90A-6F66-44B9-87FA-EB921FED518C}.Debug|x64.Build.0 = Debug|x64
		{FE71A90A-6F66-44B9-87FA-EB921FED518C}.Debug|x86.ActiveCfg = Debug|Win32
		{FE71A90A-6F66-44B9-87FA-EB921FED518C}.Debug|x86.Build.0 = Debug|Win32
		{FE71A90A-6F66-44B9-87FA-EB921FED518C}.Release|Any CPU.ActiveCfg = Release|x64
		{FE71A90A-6F66-44B9-87FA-EB921FED518C}.Release|Any CPU.Build.0 = Release|x64
		{FE71A90A-6F66-44B9-87FA-EB921FED518C}.Release|x64.ActiveCfg = Release|x64
		{FE71A90A-6F66-44B9-87FA-EB921FED518C}.Release|x64.Build.0 = Release|x64
		{FE71A90A-6F66-44B9-87FA-EB921FED518C}.Release|x86.ActiveCfg = Release|Win32
		{FE71A90A-6F66-44B9-87FA-EB921FED518C}.Release|x86.Build.0 = Release|Win32
		{43A1C4BB-3113-4289-9A84-C634F8FE7AE2}.Debug|Any CPU.ActiveCfg = Debug|x64
		{43A1C4BB-3113-4289-9A84-C634F8FE7AE2}.Debug|Any CPU.Build.0 = Debug|x64
		{43A1C4BB-3113-4289-9A84-C634F8FE7AE2}.Debug|x64.ActiveCfg = Debug|x64
		{43A1C4BB-3113-4289-9A84-C634F8FE7AE2}.Debug|x64.Build.0 = Debug|x64
		{43A1C4BB-3113-4289-9A84-C634F8FE7AE2}.Debug|x86.ActiveCfg = Debug|Win32
		{43A1C4BB-3113-4289-9A84-C634F8FE7AE2}.Debug|x86.Build.0 = Debug|Win32
		{43A1C4BB-3113-4289-9A84-C634F8FE7AE2}.Release|Any CPU.ActiveCfg = Release|x64
		{43A1C4BB-3113-4289-9A84-C634F8FE7AE2}.Release|Any CPU.Build.0 = Release|x64
		{43A1C4BB-3113-4289-9A84-C634F8FE7AE2}.Release|x64.ActiveCfg = Release|x64
		{43A1C4BB-3113-4289-9A84-C634F8FE7AE2}.Release|x64.Build.0 = Release|x64
		{43A1C4BB-3113-4289-9A84-C634F8FE7AE2}.Release|x86.ActiveCfg = Release|Win32
		{43A1C4BB-3113-4289-9A84-C634F8FE7AE2}.Release|x86.Build.0 = Release|Win32
		{8A72C5E9-7669-4CE4-881B-8D2B38DFE0A0}.Debug|Any CPU.ActiveCfg = Debug|x64
		{8A72C5E9-7669-4CE4-881B-8D2B38DFE0A0}.Debug|Any CPU.Build.0 = Debug|x64
		{8A72C5E9-7669-4CE4-881B-8D2B38DFE0A0}.Debug|x64.ActiveCfg = Debug|x64
		{8A72C5E9-7669-4CE4-881B-8D2B38DFE0A0}.Debug|x64.Build.0 = Debug|x64
		{8A72C5E9-7669-4CE4-881B-8D2B38DFE0A0}.Debug|x86.ActiveCfg = Debug|Win32
		{8A72C5E9-7669-4CE4-881B-8D2B38DFE0A0}.Debug|x86.Build.0 = Debug|Win32
		{8A72C5E9-7669-4CE4-881B-8D2B38DFE0A0}.Release|Any CPU.ActiveCfg = Release|x64
		{8A72C5E9-7669-4CE4-881B-8D2B38DFE0A0}.Release|Any CPU.Build.0 = Release|x64
		{8A72C5E9-7669-4CE4-881B-8D2B38DFE0A0}.Release|x64.ActiveCfg = Release|x64
		{8A72C5E9-7669-4CE4-881B-8D2B38DFE0A0}.Release|x64.Build.0 = Release|x64
		{8A72C5E9-7669-4CE4-881B-8D2B38DFE0A0}.Release|x86.ActiveCfg = Release|Win32
		{8A72C5E9-7669-4CE4-881B-8D2B38DFE0A0}.Release|x86.Build.0 = Release|Win32
		{16DC42AD-938E-4EC0-B9B8-A2FAEBFD7248}.Debug|Any CPU.ActiveCfg = Debug|x64
		{16DC42AD-938E-4EC0-B9B8-A2FAEBFD7248}.Debug|Any CPU.Build.0 = Debug|x64
		{16DC42AD-938E-4EC0-B9B8-A2FAEBFD7248}.Debug|x64.ActiveCfg = Debug|x64
		{16DC42AD-938E-4EC0-B9B8-A2FAEBFD7248}.Debug|x64.Build.0 = Debug|x64
		{16DC42AD-938E-4EC0-B9B8-A2FAEBFD7248}.Debug|x86.ActiveCfg = Debug|Win32
		{16DC42AD-938E-4EC0-B9B8-A2FAEBFD7248}.Debug|x86.Build.0 = Debug|Win32
		{16DC42AD-938E-4EC0-B9B8-A2FAEBFD7248}.Release|Any CPU.ActiveCfg = Release|x64
		{16DC42AD-938E-4EC0-B9B8-A2FAEBFD7248}.Release|Any CPU.Build.0 = Release|x64
		{16DC42AD-938E-4EC0-B9B8-A2FAEBFD7248}.Release|x64.ActiveCfg = Release|x64
		{16DC42AD-938E-4EC0-B9B8-A2FAEBFD7248}.Release|x64.Build.0 = Release|x64
		{16DC42AD-938E-4EC0-B9B8-A2FAEBFD7248}.Release|x86.ActiveCfg = Release|Win32
		{16DC42AD-938E-4EC0-B9B8-A2FAEBFD7248}.Release|x86.Build.0 = Release|Win32
		{A002ED96-3CD1-40FD-AFDA-FC55012F74F4}.Debug|Any CPU.ActiveCfg = Debug|x64
		{A002ED96-3CD1-40FD-AFDA-FC55012F74F4}.Debug|Any CPU.Build.0 = Debug|x64
		{A002ED96-3CD1-40FD-AFDA-FC55012F74F4}.Debug|x64.ActiveCfg = Debug|x64
		{A002ED96-3CD1-40FD-AFDA-FC55012F74F4}.Debug|x64.Build.0 = Debug|x64
		{A002ED96-3CD1-40FD-AFDA-FC55012F74F4}.Debug|x86.ActiveCfg = Debug|Win32
		{A002ED96-3CD1-40FD-AFDA-FC55012F74F4}.Debug|x86.Build.0 = Debug|Win32
		{A002ED96-3CD1-40FD-AFDA-FC55012F74F4}.Release|Any CPU.ActiveCfg = Release|x64
		{A002ED96-3CD1-40FD-AFDA-FC55012F74F4}.Release|Any CPU.Build.0 = Release|x64
		{A002ED96-3CD1-40FD-AFDA-FC55012F74F4}.Release|x64.ActiveCfg = Release|x64
		{A002ED96-3CD1-40FD-AFDA-FC55012F74F4}.Release|x64.Build.0 = Release|x64
		{A002ED96-3CD1-40FD-AFDA-FC55012F74F4}.Release|x86.ActiveCfg = Release|Win32
		{A002ED96-3CD1-40FD-AFDA-FC55012F74F4}.Release|x86.Build.0 = Release|Win32
		{8A1DEAB0-5AF2-4075-9CAA-D83C8A344C8B}.Debug|Any CPU.ActiveCfg = Debug|x64
		{8A1DEAB0-5AF2-4075-9CAA-D83C8A344C8B}.Debug|Any CPU.Build.0 = Debug|x64
		{8A1DEAB0-5AF2-4075-9CAA-D83C8A344C8B}.Debug|x64.ActiveCfg = Debug|x64
		{8A1DEAB0-5AF2-4075-9CAA-D83C8A344C8B}.Debug|x64.Build.0 = Debug|x64
		{8A1DEAB0-5AF2-4075-9CAA-D83C8A344C8B}.Debug|x86.ActiveCfg = Debug|Win32
		{8A1DEAB0-5AF2-4075-9CAA-D83C8A344C8B}.Debug|x86.Build.0 = Debug|Win32
		{8A1DEAB0-5AF2-4075-9CAA-D83C8A344C8B}.Release|Any CPU.ActiveCfg = Release|x64
		{8A1DEAB0-5AF2-4075-9CAA-D83C8A344C8B}.Release|Any CPU.Build.0 = Release|x64
		{8A1DEAB0-5AF2-4075-9CAA-D83C8A344C8B}.Release|x64.ActiveCfg = Release|x64
		{8A1DEAB0-5AF2-4075-9CAA-D83C8A344C8B}.Release|x64.Build.0 = Release|x64
		{8A1DEAB0-5AF2-4075-9CAA-D83C8A344C8B}.Release|x86.ActiveCfg = Release|Win32
		{8A1DEAB0-5AF2-4075-9CAA-D83C8A344C8B}.Release|x86.Build.0 = Release|Win32
		{A3197ACC-7222-43FA-A89B-98D3041E3B86}.Debug|Any CPU.ActiveCfg = Debug|x64
		{A3197ACC-7222-43FA-A89B-98D3041E3B86}.Debug|Any CPU.Build.0 = Debug|x64
		{A3197ACC-7222-43FA-A89B-98D3041E3B86}.Debug|x64.ActiveCfg = Debug|x64
		{A3197ACC-7222-43FA-A89B-98D3041E3B86}.Debug|x64.Build.0 = Debug|x64
		{A3197ACC-7222-43FA-A89B-98D3041E3B86}.Debug|x86.ActiveCfg = Debug|Win32
		{A3197ACC-7222-43FA-A89B-98D3041E3B86}.Debug|x86.Build.0 = Debug|Win32
		{A3197ACC-7222-43FA-A89B-98D3041E3B86}.Release|Any CPU.ActiveCfg = Release|x64
		{A3197ACC-7222-43FA-A89B-98D3041E3B86}.Release|Any CPU.Build.0 = Release|x64
		{A3197ACC-7222-43FA-A89B-98D3041E3B86}.Release|x64.ActiveCfg = Release|x64
		{A3197ACC-7222-43FA-A89B-98D3041E3B86}.Release|x64.Build.0 = Release|x64
		{A3197ACC-7222-43FA-A89B-98D3041E3B86}.Release|x86.ActiveCfg = Release|Win32
		{A3197ACC-7222-43FA-A89B-98D3041E3B86}.Release|x86.Build.0 = Release|Win32
		{2DE9F939-007C-49D4-B21B-1EB8E6AE1238}.Debug|Any CPU.ActiveCfg = Debug|x64
		{2DE9F939-007C-49D4-B21B-1EB8E6AE1238}.Debug|Any CPU.Build.0 = Debug|x64
		{2DE9F939-007C-49D4-B21B-1EB8E6AE1238}.Debug|x64.ActiveCfg = Debug|x64
		{2DE9F939-007C-49D4-B21B-1EB8E6AE1238}.Debug|x64.Build.0 = Debug|x64
		{2DE9F939-007C-49D4-B21B-1EB8E6AE1238}.Debug|x86.ActiveCfg = Debug|Win32
		{2DE9F939-007C-49D4-B21B-1EB8E6AE1238}.Debug|x86.Build.0 = Debug|Win32
		{2DE9F939-007C-49D4-B21B-1EB8E6AE1238}.Release|Any CPU.ActiveCfg = Release|x64
		{2DE9F939-007C-49D4-B21B-1EB8E6AE1238}.Release|Any CPU.Build.0 = Release|x64
		{2DE9F939-007C-49D4-B21B-1EB8E6AE1238}.Release|x64.ActiveCfg = Release|x64
		{2DE9F939-007C-49D4-B21B-1EB8E6AE1238}.Release|x64.Build.0 = Release|x64
		{2DE9F939-007C-49D4-B21B-1EB8E6AE1238}.Release|x86.ActiveCfg = Release|Win32
		{2DE9F939-007C-49D4-B21B-1EB8E6AE1238}.Release|x86.Build.0 = Release|Win32
		{A4DA22F4-D847-4527-BB37-2557448C5B20}.Debug|Any CPU.ActiveCfg = Debug|x64
		{A4DA22F4-D847-4527-BB37-2557448C5B20}.Debug|Any CPU.Build.0 = Debug|x64
		{A4DA22F4-D847-4527-BB37-2557448C5B20}.Debug|x64.ActiveCfg = Debug|x64
		{A4DA22F4-D847-4527-BB37-2557448C5B20}.Debug|x64.Build.0 = Debug|x64
		{A4DA22F4-D847-4527-BB37-2557448C5B20}.Debug|x86.ActiveCfg = Debug|Win32
		{A4DA22F4-D847-4527-BB37-2557448C5B20}.Debug|x86.Build.0 = Debug|Win32
		{A4DA22F4-D847-4527-BB37-2557448C5B20}.Release|Any CPU.ActiveCfg = Release|x64
		{A4DA22F4-D847-4527-BB37-2557448C5B20}.Release|Any CPU.Build.0 = Release|x64
		{A4DA22F4-D847-4527-BB37-2557448C5B20}.Release|x64.ActiveCfg = Release|x64
		{A4DA22F4-D847-4527-BB37-2557448C5B20}.Release|x64.Build.0 = Release|x64
		{A4DA22F4-D847-4527-BB37-2557448C5B20}.Release|x86.ActiveCfg = Release|Win32
		{A4DA22F4-D847-4527-BB37-2557448C5B20}.Release|x86.Build.0 = Release|Win32
		{06132462-4D5D-4D4D-AA14-F5A8FAFCB20F}.Debug|Any CPU.ActiveCfg = Debug|Any CPU
		{06132462-4D5D-4D4D-AA14-F5A8FAFCB20F}.Debug|Any CPU.Build.0 = Debug|Any CPU
		{06132462-4D5D-4D4D-AA14-F5A8FAFCB20F}.Debug|x64.ActiveCfg = Debug|Any CPU
		{06132462-4D5D-4D4D-AA14-F5A8FAFCB20F}.Debug|x64.Build.0 = Debug|Any CPU
		{06132462-4D5D-4D4D-AA14-F5A8FAFCB20F}.Debug|x86.ActiveCfg = Debug|Any CPU
		{06132462-4D5D-4D4D-AA14-F5A8FAFCB20F}.Debug|x86.Build.0 = Debug|Any CPU
		{06132462-4D5D-4D4D-AA14-F5A8FAFCB20F}.Release|Any CPU.ActiveCfg = Release|Any CPU
		{06132462-4D5D-4D4D-AA14-F5A8FAFCB20F}.Release|Any CPU.Build.0 = Release|Any CPU
		{06132462-4D5D-4D4D-AA14-F5A8FAFCB20F}.Release|x64.ActiveCfg = Release|Any CPU
		{06132462-4D5D-4D4D-AA14-F5A8FAFCB20F}.Release|x64.Build.0 = Release|Any CPU
		{06132462-4D5D-4D4D-AA14-F5A8FAFCB20F}.Release|x86.ActiveCfg = Release|Any CPU
		{06132462-4D5D-4D4D-AA14-F5A8FAFCB20F}.Release|x86.Build.0 = Release|Any CPU
		{46E0B937-B7AD-4EE2-A62C-951D05BC7310}.Debug|Any CPU.ActiveCfg = Debug|x64
		{46E0B937-B7AD-4EE2-A62C-951D05BC7310}.Debug|Any CPU.Build.0 = Debug|x64
		{46E0B937-B7AD-4EE2-A62C-951D05BC7310}.Debug|x64.ActiveCfg = Debug|x64
		{46E0B937-B7AD-4EE2-A62C-951D05BC7310}.Debug|x64.Build.0 = Debug|x64
		{46E0B937-B7AD-4EE2-A62C-951D05BC7310}.Debug|x86.ActiveCfg = Debug|Win32
		{46E0B937-B7AD-4EE2-A62C-951D05BC7310}.Debug|x86.Build.0 = Debug|Win32
		{46E0B937-B7AD-4EE2-A62C-951D05BC7310}.Release|Any CPU.ActiveCfg = Release|x64
		{46E0B937-B7AD-4EE2-A62C-951D05BC7310}.Release|Any CPU.Build.0 = Release|x64
		{46E0B937-B7AD-4EE2-A62C-951D05BC7310}.Release|x64.ActiveCfg = Release|x64
		{46E0B937-B7AD-4EE2-A62C-951D05BC7310}.Release|x64.Build.0 = Release|x64
		{46E0B937-B7AD-4EE2-A62C-951D05BC7310}.Release|x86.ActiveCfg = Release|Win32
		{46E0B937-B7AD-4EE2-A62C-951D05BC7310}.Release|x86.Build.0 = Release|Win32
		{FEB98A5A-C374-4AF2-BF24-9F10CB5A7210}.Debug|Any CPU.ActiveCfg = Debug|x64
		{FEB98A5A-C374-4AF2-BF24-9F10CB5A7210}.Debug|Any CPU.Build.0 = Debug|x64
		{FEB98A5A-C374-4AF2-BF24-9F10CB5A7210}.Debug|x64.ActiveCfg = Debug|x64
		{FEB98A5A-C374-4AF2-BF24-9F10CB5A7210}.Debug|x64.Build.0 = Debug|x64
		{FEB98A5A-C374-4AF2-BF24-9F10CB5A7210}.Debug|x86.ActiveCfg = Debug|Win32
		{FEB98A5A-C374-4AF2-BF24-9F10CB5A7210}.Debug|x86.Build.0 = Debug|Win32
		{FEB98A5A-C374-4AF2-BF24-9F10CB5A7210}.Release|Any CPU.ActiveCfg = Release|x64
		{FEB98A5A-C374-4AF2-BF24-9F10CB5A7210}.Release|Any CPU.Build.0 = Release|x64
		{FEB98A5A-C374-4AF2-BF24-9F10CB5A7210}.Release|x64.ActiveCfg = Release|x64
		{FEB98A5A-C374-4AF2-BF24-9F10CB5A7210}.Release|x64.Build.0 = Release|x64
		{FEB98A5A-C374-4AF2-BF24-9F10CB5A7210}.Release|x86.ActiveCfg = Release|Win32
		{FEB98A5A-C374-4AF2-BF24-9F10CB5A7210}.Release|x86.Build.0 = Release|Win32
		{D13BA7D5-963F-4B0A-89EA-6F3FF5EA9966}.Debug|Any CPU.ActiveCfg = Debug|x64
		{D13BA7D5-963F-4B0A-89EA-6F3FF5EA9966}.Debug|Any CPU.Build.0 = Debug|x64
		{D13BA7D5-963F-4B0A-89EA-6F3FF5EA9966}.Debug|x64.ActiveCfg = Debug|x64
		{D13BA7D5-963F-4B0A-89EA-6F3FF5EA9966}.Debug|x64.Build.0 = Debug|x64
		{D13BA7D5-963F-4B0A-89EA-6F3FF5EA9966}.Debug|x86.ActiveCfg = Debug|Win32
		{D13BA7D5-963F-4B0A-89EA-6F3FF5EA9966}.Debug|x86.Build.0 = Debug|Win32
		{D13BA7D5-963F-4B0A-89EA-6F3FF5EA9966}.Release|Any CPU.ActiveCfg = Release|x64
		{D13BA7D5-963F-4B0A-89EA-6F3FF5EA9966}.Release|Any CPU.Build.0 = Release|x64
		{D13BA7D5-963F-4B0A-89EA-6F3FF5EA9966}.Release|x64.ActiveCfg = Release|x64
		{D13BA7D5-963F-4B0A-89EA-6F3FF5EA9966}.Release|x64.Build.0 = Release|x64
		{D13BA7D5-963F-4B0A-89EA-6F3FF5EA9966}.Release|x86.ActiveCfg = Release|Win32
		{D13BA7D5-963F-4B0A-89EA-6F3FF5EA9966}.Release|x86.Build.0 = Release|Win32
		{B3168CD3-1A5C-4CE6-B80A-EF9841E8A657}.Debug|Any CPU.ActiveCfg = Debug|x64
		{B3168CD3-1A5C-4CE6-B80A-EF9841E8A657}.Debug|Any CPU.Build.0 = Debug|x64
		{B3168CD3-1A5C-4CE6-B80A-EF9841E8A657}.Debug|x64.ActiveCfg = Debug|x64
		{B3168CD3-1A5C-4CE6-B80A-EF9841E8A657}.Debug|x64.Build.0 = Debug|x64
		{B3168CD3-1A5C-4CE6-B80A-EF9841E8A657}.Debug|x86.ActiveCfg = Debug|Win32
		{B3168CD3-1A5C-4CE6-B80A-EF9841E8A657}.Debug|x86.Build.0 = Debug|Win32
		{B3168CD3-1A5C-4CE6-B80A-EF9841E8A657}.Release|Any CPU.ActiveCfg = Release|x64
		{B3168CD3-1A5C-4CE6-B80A-EF9841E8A657}.Release|Any CPU.Build.0 = Release|x64
		{B3168CD3-1A5C-4CE6-B80A-EF9841E8A657}.Release|x64.ActiveCfg = Release|x64
		{B3168CD3-1A5C-4CE6-B80A-EF9841E8A657}.Release|x64.Build.0 = Release|x64
		{B3168CD3-1A5C-4CE6-B80A-EF9841E8A657}.Release|x86.ActiveCfg = Release|Win32
		{B3168CD3-1A5C-4CE6-B80A-EF9841E8A657}.Release|x86.Build.0 = Release|Win32
		{051B42C2-5D98-46E3-9237-576AB7FF8607}.Debug|Any CPU.ActiveCfg = Debug|x64
		{051B42C2-5D98-46E3-9237-576AB7FF8607}.Debug|Any CPU.Build.0 = Debug|x64
		{051B42C2-5D98-46E3-9237-576AB7FF8607}.Debug|x64.ActiveCfg = Debug|x64
		{051B42C2-5D98-46E3-9237-576AB7FF8607}.Debug|x64.Build.0 = Debug|x64
		{051B42C2-5D98-46E3-9237-576AB7FF8607}.Debug|x86.ActiveCfg = Debug|Win32
		{051B42C2-5D98-46E3-9237-576AB7FF8607}.Debug|x86.Build.0 = Debug|Win32
		{051B42C2-5D98-46E3-9237-576AB7FF8607}.Release|Any CPU.ActiveCfg = Release|x64
		{051B42C2-5D98-46E3-9237-576AB7FF8607}.Release|Any CPU.Build.0 = Release|x64
		{051B42C2-5D98-46E3-9237-576AB7FF8607}.Release|x64.ActiveCfg = Release|x64
		{051B42C2-5D98-46E3-9237-576AB7FF8607}.Release|x64.Build.0 = Release|x64
		{051B42C2-5D98-46E3-9237-576AB7FF8607}.Release|x86.ActiveCfg = Release|Win32
		{051B42C2-5D98-46E3-9237-576AB7FF8607}.Release|x86.Build.0 = Release|Win32
		{2B44CA58-4653-479F-8F6D-1919E7287108}.Debug|Any CPU.ActiveCfg = Debug|x64
		{2B44CA58-4653-479F-8F6D-1919E7287108}.Debug|Any CPU.Build.0 = Debug|x64
		{2B44CA58-4653-479F-8F6D-1919E7287108}.Debug|x64.ActiveCfg = Debug|x64
		{2B44CA58-4653-479F-8F6D-1919E7287108}.Debug|x64.Build.0 = Debug|x64
		{2B44CA58-4653-479F-8F6D-1919E7287108}.Debug|x86.ActiveCfg = Debug|Win32
		{2B44CA58-4653-479F-8F6D-1919E7287108}.Debug|x86.Build.0 = Debug|Win32
		{2B44CA58-4653-479F-8F6D-1919E7287108}.Release|Any CPU.ActiveCfg = Release|x64
		{2B44CA58-4653-479F-8F6D-1919E7287108}.Release|Any CPU.Build.0 = Release|x64
		{2B44CA58-4653-479F-8F6D-1919E7287108}.Release|x64.ActiveCfg = Release|x64
		{2B44CA58-4653-479F-8F6D-1919E7287108}.Release|x64.Build.0 = Release|x64
		{2B44CA58-4653-479F-8F6D-1919E7287108}.Release|x86.ActiveCfg = Release|Win32
		{2B44CA58-4653-479F-8F6D-1919E7287108}.Release|x86.Build.0 = Release|Win32
		{8724BE52-6F60-4628-AD1E-29DDBEF74462}.Debug|Any CPU.ActiveCfg = Debug|x64
		{8724BE52-6F60-4628-AD1E-29DDBEF74462}.Debug|Any CPU.Build.0 = Debug|x64
		{8724BE52-6F60-4628-AD1E-29DDBEF74462}.Debug|x64.ActiveCfg = Debug|x64
		{8724BE52-6F60-4628-AD1E-29DDBEF74462}.Debug|x64.Build.0 = Debug|x64
		{8724BE52-6F60-4628-AD1E-29DDBEF74462}.Debug|x86.ActiveCfg = Debug|Win32
		{8724BE52-6F60-4628-AD1E-29DDBEF74462}.Debug|x86.Build.0 = Debug|Win32
		{8724BE52-6F60-4628-AD1E-29DDBEF74462}.Release|Any CPU.ActiveCfg = Release|x64
		{8724BE52-6F60-4628-AD1E-29DDBEF74462}.Release|Any CPU.Build.0 = Release|x64
		{8724BE52-6F60-4628-AD1E-29DDBEF74462}.Release|x64.ActiveCfg = Release|x64
		{8724BE52-6F60-4628-AD1E-29DDBEF74462}.Release|x64.Build.0 = Release|x64
		{8724BE52-6F60-4628-AD1E-29DDBEF74462}.Release|x86.ActiveCfg = Release|Win32
		{8724BE52-6F60-4628-AD1E-29DDBEF74462}.Release|x86.Build.0 = Release|Win32
		{F40433E4-3C0B-43B0-86EC-D2EDF8A0C661}.Debug|Any CPU.ActiveCfg = Debug|x64
		{F40433E4-3C0B-43B0-86EC-D2EDF8A0C661}.Debug|Any CPU.Build.0 = Debug|x64
		{F40433E4-3C0B-43B0-86EC-D2EDF8A0C661}.Debug|x64.ActiveCfg = Debug|x64
		{F40433E4-3C0B-43B0-86EC-D2EDF8A0C661}.Debug|x64.Build.0 = Debug|x64
		{F40433E4-3C0B-43B0-86EC-D2EDF8A0C661}.Debug|x86.ActiveCfg = Debug|Win32
		{F40433E4-3C0B-43B0-86EC-D2EDF8A0C661}.Debug|x86.Build.0 = Debug|Win32
		{F40433E4-3C0B-43B0-86EC-D2EDF8A0C661}.Release|Any CPU.ActiveCfg = Release|x64
		{F40433E4-3C0B-43B0-86EC-D2EDF8A0C661}.Release|Any CPU.Build.0 = Release|x64
		{F40433E4-3C0B-43B0-86EC-D2EDF8A0C661}.Release|x64.ActiveCfg = Release|x64
		{F40433E4-3C0B-43B0-86EC-D2EDF8A0C661}.Release|x64.Build.0 = Release|x64
		{F40433E4-3C0B-43B0-86EC-D2EDF8A0C661}.Release|x86.ActiveCfg = Release|Win32
		{F40433E4-3C0B-43B0-86EC-D2EDF8A0C661}.Release|x86.Build.0 = Release|Win32
		{6A25D46B-EBAA-4D7D-B63E-4D6C29DF9E80}.Debug|Any CPU.ActiveCfg = Debug|x64
		{6A25D46B-EBAA-4D7D-B63E-4D6C29DF9E80}.Debug|Any CPU.Build.0 = Debug|x64
		{6A25D46B-EBAA-4D7D-B63E-4D6C29DF9E80}.Debug|x64.ActiveCfg = Debug|x64
		{6A25D46B-EBAA-4D7D-B63E-4D6C29DF9E80}.Debug|x64.Build.0 = Debug|x64
		{6A25D46B-EBAA-4D7D-B63E-4D6C29DF9E80}.Debug|x86.ActiveCfg = Debug|Win32
		{6A25D46B-EBAA-4D7D-B63E-4D6C29DF9E80}.Debug|x86.Build.0 = Debug|Win32
		{6A25D46B-EBAA-4D7D-B63E-4D6C29DF9E80}.Release|Any CPU.ActiveCfg = Release|x64
		{6A25D46B-EBAA-4D7D-B63E-4D6C29DF9E80}.Release|Any CPU.Build.0 = Release|x64
		{6A25D46B-EBAA-4D7D-B63E-4D6C29DF9E80}.Release|x64.ActiveCfg = Release|x64
		{6A25D46B-EBAA-4D7D-B63E-4D6C29DF9E80}.Release|x64.Build.0 = Release|x64
		{6A25D46B-EBAA-4D7D-B63E-4D6C29DF9E80}.Release|x86.ActiveCfg = Release|Win32
		{6A25D46B-EBAA-4D7D-B63E-4D6C29DF9E80}.Release|x86.Build.0 = Release|Win32
		{10890FBC-D249-46B6-8EAB-A09E0DE1F653}.Debug|Any CPU.ActiveCfg = Debug|x64
		{10890FBC-D249-46B6-8EAB-A09E0DE1F653}.Debug|Any CPU.Build.0 = Debug|x64
		{10890FBC-D249-46B6-8EAB-A09E0DE1F653}.Debug|x64.ActiveCfg = Debug|x64
		{10890FBC-D249-46B6-8EAB-A09E0DE1F653}.Debug|x64.Build.0 = Debug|x64
		{10890FBC-D249-46B6-8EAB-A09E0DE1F653}.Debug|x86.ActiveCfg = Debug|Win32
		{10890FBC-D249-46B6-8EAB-A09E0DE1F653}.Debug|x86.Build.0 = Debug|Win32
		{10890FBC-D249-46B6-8EAB-A09E0DE1F653}.Release|Any CPU.ActiveCfg = Release|x64
		{10890FBC-D249-46B6-8EAB-A09E0DE1F653}.Release|Any CPU.Build.0 = Release|x64
		{10890FBC-D249-46B6-8EAB-A09E0DE1F653}.Release|x64.ActiveCfg = Release|x64
		{10890FBC-D249-46B6-8EAB-A09E0DE1F653}.Release|x64.Build.0 = Release|x64
		{10890FBC-D249-46B6-8EAB-A09E0DE1F653}.Release|x86.ActiveCfg = Release|Win32
		{10890FBC-D249-46B6-8EAB-A09E0DE1F653}.Release|x86.Build.0 = Release|Win32
		{639CD654-C41D-4F31-A989-69CE31213B7B}.Debug|Any CPU.ActiveCfg = Debug|x64
		{639CD654-C41D-4F31-A989-69CE31213B7B}.Debug|Any CPU.Build.0 = Debug|x64
		{639CD654-C41D-4F31-A989-69CE31213B7B}.Debug|x64.ActiveCfg = Debug|x64
		{639CD654-C41D-4F31-A989-69CE31213B7B}.Debug|x64.Build.0 = Debug|x64
		{639CD654-C41D-4F31-A989-69CE31213B7B}.Debug|x86.ActiveCfg = Debug|Win32
		{639CD654-C41D-4F31-A989-69CE31213B7B}.Debug|x86.Build.0 = Debug|Win32
		{639CD654-C41D-4F31-A989-69CE31213B7B}.Release|Any CPU.ActiveCfg = Release|x64
		{639CD654-C41D-4F31-A989-69CE31213B7B}.Release|Any CPU.Build.0 = Release|x64
		{639CD654-C41D-4F31-A989-69CE31213B7B}.Release|x64.ActiveCfg = Release|x64
		{639CD654-C41D-4F31-A989-69CE31213B7B}.Release|x64.Build.0 = Release|x64
		{639CD654-C41D-4F31-A989-69CE31213B7B}.Release|x86.ActiveCfg = Release|Win32
		{639CD654-C41D-4F31-A989-69CE31213B7B}.Release|x86.Build.0 = Release|Win32
		{D2F9DDA5-70F0-422C-BA7B-A181671175E0}.Debug|Any CPU.ActiveCfg = Debug|x64
		{D2F9DDA5-70F0-422C-BA7B-A181671175E0}.Debug|Any CPU.Build.0 = Debug|x64
		{D2F9DDA5-70F0-422C-BA7B-A181671175E0}.Debug|x64.ActiveCfg = Debug|x64
		{D2F9DDA5-70F0-422C-BA7B-A181671175E0}.Debug|x64.Build.0 = Debug|x64
		{D2F9DDA5-70F0-422C-BA7B-A181671175E0}.Debug|x86.ActiveCfg = Debug|Win32
		{D2F9DDA5-70F0-422C-BA7B-A181671175E0}.Debug|x86.Build.0 = Debug|Win32
		{D2F9DDA5-70F0-422C-BA7B-A181671175E0}.Release|Any CPU.ActiveCfg = Release|x64
		{D2F9DDA5-70F0-422C-BA7B-A181671175E0}.Release|Any CPU.Build.0 = Release|x64
		{D2F9DDA5-70F0-422C-BA7B-A181671175E0}.Release|x64.ActiveCfg = Release|x64
		{D2F9DDA5-70F0-422C-BA7B-A181671175E0}.Release|x64.Build.0 = Release|x64
		{D2F9DDA5-70F0-422C-BA7B-A181671175E0}.Release|x86.ActiveCfg = Release|Win32
		{D2F9DDA5-70F0-422C-BA7B-A181671175E0}.Release|x86.Build.0 = Release|Win32
		{CFB6D9B9-6B27-4F0C-90DB-F34EDEE51F49}.Debug|Any CPU.ActiveCfg = Debug|x64
		{CFB6D9B9-6B27-4F0C-90DB-F34EDEE51F49}.Debug|Any CPU.Build.0 = Debug|x64
		{CFB6D9B9-6B27-4F0C-90DB-F34EDEE51F49}.Debug|x64.ActiveCfg = Debug|x64
		{CFB6D9B9-6B27-4F0C-90DB-F34EDEE51F49}.Debug|x64.Build.0 = Debug|x64
		{CFB6D9B9-6B27-4F0C-90DB-F34EDEE51F49}.Debug|x86.ActiveCfg = Debug|Win32
		{CFB6D9B9-6B27-4F0C-90DB-F34EDEE51F49}.Debug|x86.Build.0 = Debug|Win32
		{CFB6D9B9-6B27-4F0C-90DB-F34EDEE51F49}.Release|Any CPU.ActiveCfg = Release|x64
		{CFB6D9B9-6B27-4F0C-90DB-F34EDEE51F49}.Release|Any CPU.Build.0 = Release|x64
		{CFB6D9B9-6B27-4F0C-90DB-F34EDEE51F49}.Release|x64.ActiveCfg = Release|x64
		{CFB6D9B9-6B27-4F0C-90DB-F34EDEE51F49}.Release|x64.Build.0 = Release|x64
		{CFB6D9B9-6B27-4F0C-90DB-F34EDEE51F49}.Release|x86.ActiveCfg = Release|Win32
		{CFB6D9B9-6B27-4F0C-90DB-F34EDEE51F49}.Release|x86.Build.0 = Release|Win32
		{500C2129-139A-4CC9-99A6-BF9331360236}.Debug|Any CPU.ActiveCfg = Debug|x64
		{500C2129-139A-4CC9-99A6-BF9331360236}.Debug|Any CPU.Build.0 = Debug|x64
		{500C2129-139A-4CC9-99A6-BF9331360236}.Debug|x64.ActiveCfg = Debug|x64
		{500C2129-139A-4CC9-99A6-BF9331360236}.Debug|x64.Build.0 = Debug|x64
		{500C2129-139A-4CC9-99A6-BF9331360236}.Debug|x86.ActiveCfg = Debug|Win32
		{500C2129-139A-4CC9-99A6-BF9331360236}.Debug|x86.Build.0 = Debug|Win32
		{500C2129-139A-4CC9-99A6-BF9331360236}.Release|Any CPU.ActiveCfg = Release|x64
		{500C2129-139A-4CC9-99A6-BF9331360236}.Release|Any CPU.Build.0 = Release|x64
		{500C2129-139A-4CC9-99A6-BF9331360236}.Release|x64.ActiveCfg = Release|x64
		{500C2129-139A-4CC9-99A6-BF9331360236}.Release|x64.Build.0 = Release|x64
		{500C2129-139A-4CC9-99A6-BF9331360236}.Release|x86.ActiveCfg = Release|Win32
		{500C2129-139A-4CC9-99A6-BF9331360236}.Release|x86.Build.0 = Release|Win32
		{A3555335-672D-46D3-B88C-B29E24552307}.Debug|Any CPU.ActiveCfg = Debug|x64
		{A3555335-672D-46D3-B88C-B29E24552307}.Debug|Any CPU.Build.0 = Debug|x64
		{A3555335-672D-46D3-B88C-B29E24552307}.Debug|x64.ActiveCfg = Debug|x64
		{A3555335-672D-46D3-B88C-B29E24552307}.Debug|x64.Build.0 = Debug|x64
		{A3555335-672D-46D3-B88C-B29E24552307}.Debug|x86.ActiveCfg = Debug|Win32
		{A3555335-672D-46D3-B88C-B29E24552307}.Debug|x86.Build.0 = Debug|Win32
		{A3555335-672D-46D3-B88C-B29E24552307}.Release|Any CPU.ActiveCfg = Release|x64
		{A3555335-672D-46D3-B88C-B29E24552307}.Release|Any CPU.Build.0 = Release|x64
		{A3555335-672D-46D3-B88C-B29E24552307}.Release|x64.ActiveCfg = Release|x64
		{A3555335-672D-46D3-B88C-B29E24552307}.Release|x64.Build.0 = Release|x64
		{A3555335-672D-46D3-B88C-B29E24552307}.Release|x86.ActiveCfg = Release|Win32
		{A3555335-672D-46D3-B88C-B29E24552307}.Release|x86.Build.0 = Release|Win32
		{E564C8D9-37F4-4A8D-992A-E147BE4BB94C}.Debug|Any CPU.ActiveCfg = Debug|x64
		{E564C8D9-37F4-4A8D-992A-E147BE4BB94C}.Debug|Any CPU.Build.0 = Debug|x64
		{E564C8D9-37F4-4A8D-992A-E147BE4BB94C}.Debug|x64.ActiveCfg = Debug|x64
		{E564C8D9-37F4-4A8D-992A-E147BE4BB94C}.Debug|x64.Build.0 = Debug|x64
		{E564C8D9-37F4-4A8D-992A-E147BE4BB94C}.Debug|x86.ActiveCfg = Debug|Win32
		{E564C8D9-37F4-4A8D-992A-E147BE4BB94C}.Debug|x86.Build.0 = Debug|Win32
		{E564C8D9-37F4-4A8D-992A-E147BE4BB94C}.Release|Any CPU.ActiveCfg = Release|x64
		{E564C8D9-37F4-4A8D-992A-E147BE4BB94C}.Release|Any CPU.Build.0 = Release|x64
		{E564C8D9-37F4-4A8D-992A-E147BE4BB94C}.Release|x64.ActiveCfg = Release|x64
		{E564C8D9-37F4-4A8D-992A-E147BE4BB94C}.Release|x64.Build.0 = Release|x64
		{E564C8D9-37F4-4A8D-992A-E147BE4BB94C}.Release|x86.ActiveCfg = Release|Win32
		{E564C8D9-37F4-4A8D-992A-E147BE4BB94C}.Release|x86.Build.0 = Release|Win32
		{1B1CA6C8-EF94-4A42-B4DC-B9210C5FD606}.Debug|Any CPU.ActiveCfg = Debug|x64
		{1B1CA6C8-EF94-4A42-B4DC-B9210C5FD606}.Debug|Any CPU.Build.0 = Debug|x64
		{1B1CA6C8-EF94-4A42-B4DC-B9210C5FD606}.Debug|x64.ActiveCfg = Debug|x64
		{1B1CA6C8-EF94-4A42-B4DC-B9210C5FD606}.Debug|x64.Build.0 = Debug|x64
		{1B1CA6C8-EF94-4A42-B4DC-B9210C5FD606}.Debug|x86.ActiveCfg = Debug|Win32
		{1B1CA6C8-EF94-4A42-B4DC-B9210C5FD606}.Debug|x86.Build.0 = Debug|Win32
		{1B1CA6C8-EF94-4A42-B4DC-B9210C5FD606}.Release|Any CPU.ActiveCfg = Release|x64
		{1B1CA6C8-EF94-4A42-B4DC-B9210C5FD606}.Release|Any CPU.Build.0 = Release|x64
		{1B1CA6C8-EF94-4A42-B4DC-B9210C5FD606}.Release|x64.ActiveCfg = Release|x64
		{1B1CA6C8-EF94-4A42-B4DC-B9210C5FD606}.Release|x64.Build.0 = Release|x64
		{1B1CA6C8-EF94-4A42-B4DC-B9210C5FD606}.Release|x86.ActiveCfg = Release|Win32
		{1B1CA6C8-EF94-4A42-B4DC-B9210C5FD606}.Release|x86.Build.0 = Release|Win32
		{7F291186-9E5A-4D58-8B57-E7F707362E93}.Debug|Any CPU.ActiveCfg = Debug|x64
		{7F291186-9E5A-4D58-8B57-E7F707362E93}.Debug|Any CPU.Build.0 = Debug|x64
		{7F291186-9E5A-4D58-8B57-E7F707362E93}.Debug|x64.ActiveCfg = Debug|x64
		{7F291186-9E5A-4D58-8B57-E7F707362E93}.Debug|x64.Build.0 = Debug|x64
		{7F291186-9E5A-4D58-8B57-E7F707362E93}.Debug|x86.ActiveCfg = Debug|Win32
		{7F291186-9E5A-4D58-8B57-E7F707362E93}.Debug|x86.Build.0 = Debug|Win32
		{7F291186-9E5A-4D58-8B57-E7F707362E93}.Release|Any CPU.ActiveCfg = Release|x64
		{7F291186-9E5A-4D58-8B57-E7F707362E93}.Release|Any CPU.Build.0 = Release|x64
		{7F291186-9E5A-4D58-8B57-E7F707362E93}.Release|x64.ActiveCfg = Release|x64
		{7F291186-9E5A-4D58-8B57-E7F707362E93}.Release|x64.Build.0 = Release|x64
		{7F291186-9E5A-4D58-8B57-E7F707362E93}.Release|x86.ActiveCfg = Release|Win32
		{7F291186-9E5A-4D58-8B57-E7F707362E93}.Release|x86.Build.0 = Release|Win32
		{E3F91DCF-8C74-4FBC-B41E-B3AFBD92A3EF}.Debug|Any CPU.ActiveCfg = Debug|x64
		{E3F91DCF-8C74-4FBC-B41E-B3AFBD92A3EF}.Debug|Any CPU.Build.0 = Debug|x64
		{E3F91DCF-8C74-4FBC-B41E-B3AFBD92A3EF}.Debug|x64.ActiveCfg = Debug|x64
		{E3F91DCF-8C74-4FBC-B41E-B3AFBD92A3EF}.Debug|x64.Build.0 = Debug|x64
		{E3F91DCF-8C74-4FBC-B41E-B3AFBD92A3EF}.Debug|x86.ActiveCfg = Debug|Win32
		{E3F91DCF-8C74-4FBC-B41E-B3AFBD92A3EF}.Debug|x86.Build.0 = Debug|Win32
		{E3F91DCF-8C74-4FBC-B41E-B3AFBD92A3EF}.Release|Any CPU.ActiveCfg = Release|x64
		{E3F91DCF-8C74-4FBC-B41E-B3AFBD92A3EF}.Release|Any CPU.Build.0 = Release|x64
		{E3F91DCF-8C74-4FBC-B41E-B3AFBD92A3EF}.Release|x64.ActiveCfg = Release|x64
		{E3F91DCF-8C74-4FBC-B41E-B3AFBD92A3EF}.Release|x64.Build.0 = Release|x64
		{E3F91DCF-8C74-4FBC-B41E-B3AFBD92A3EF}.Release|x86.ActiveCfg = Release|Win32
		{E3F91DCF-8C74-4FBC-B41E-B3AFBD92A3EF}.Release|x86.Build.0 = Release|Win32
		{FFB853D0-F249-404F-B7F3-E39F954EBB41}.Debug|Any CPU.ActiveCfg = Debug|x64
		{FFB853D0-F249-404F-B7F3-E39F954EBB41}.Debug|Any CPU.Build.0 = Debug|x64
		{FFB853D0-F249-404F-B7F3-E39F954EBB41}.Debug|x64.ActiveCfg = Debug|x64
		{FFB853D0-F249-404F-B7F3-E39F954EBB41}.Debug|x64.Build.0 = Debug|x64
		{FFB853D0-F249-404F-B7F3-E39F954EBB41}.Debug|x86.ActiveCfg = Debug|Win32
		{FFB853D0-F249-404F-B7F3-E39F954EBB41}.Debug|x86.Build.0 = Debug|Win32
		{FFB853D0-F249-404F-B7F3-E39F954EBB41}.Release|Any CPU.ActiveCfg = Release|x64
		{FFB853D0-F249-404F-B7F3-E39F954EBB41}.Release|Any CPU.Build.0 = Release|x64
		{FFB853D0-F249-404F-B7F3-E39F954EBB41}.Release|x64.ActiveCfg = Release|x64
		{FFB853D0-F249-404F-B7F3-E39F954EBB41}.Release|x64.Build.0 = Release|x64
		{FFB853D0-F249-404F-B7F3-E39F954EBB41}.Release|x86.ActiveCfg = Release|Win32
		{FFB853D0-F249-404F-B7F3-E39F954EBB41}.Release|x86.Build.0 = Release|Win32
		{6390C29C-2916-4A5C-A015-0C27BF25A062}.Debug|Any CPU.ActiveCfg = Debug|x64
		{6390C29C-2916-4A5C-A015-0C27BF25A062}.Debug|Any CPU.Build.0 = Debug|x64
		{6390C29C-2916-4A5C-A015-0C27BF25A062}.Debug|x64.ActiveCfg = Debug|x64
		{6390C29C-2916-4A5C-A015-0C27BF25A062}.Debug|x64.Build.0 = Debug|x64
		{6390C29C-2916-4A5C-A015-0C27BF25A062}.Debug|x86.ActiveCfg = Debug|Win32
		{6390C29C-2916-4A5C-A015-0C27BF25A062}.Debug|x86.Build.0 = Debug|Win32
		{6390C29C-2916-4A5C-A015-0C27BF25A062}.Release|Any CPU.ActiveCfg = Release|x64
		{6390C29C-2916-4A5C-A015-0C27BF25A062}.Release|Any CPU.Build.0 = Release|x64
		{6390C29C-2916-4A5C-A015-0C27BF25A062}.Release|x64.ActiveCfg = Release|x64
		{6390C29C-2916-4A5C-A015-0C27BF25A062}.Release|x64.Build.0 = Release|x64
		{6390C29C-2916-4A5C-A015-0C27BF25A062}.Release|x86.ActiveCfg = Release|Win32
		{6390C29C-2916-4A5C-A015-0C27BF25A062}.Release|x86.Build.0 = Release|Win32
		{AD16F49C-D8FD-4673-AB2B-DBC386F6EC53}.Debug|Any CPU.ActiveCfg = Debug|x64
		{AD16F49C-D8FD-4673-AB2B-DBC386F6EC53}.Debug|Any CPU.Build.0 = Debug|x64
		{AD16F49C-D8FD-4673-AB2B-DBC386F6EC53}.Debug|x64.ActiveCfg = Debug|x64
		{AD16F49C-D8FD-4673-AB2B-DBC386F6EC53}.Debug|x64.Build.0 = Debug|x64
		{AD16F49C-D8FD-4673-AB2B-DBC386F6EC53}.Debug|x86.ActiveCfg = Debug|Win32
		{AD16F49C-D8FD-4673-AB2B-DBC386F6EC53}.Debug|x86.Build.0 = Debug|Win32
		{AD16F49C-D8FD-4673-AB2B-DBC386F6EC53}.Release|Any CPU.ActiveCfg = Release|x64
		{AD16F49C-D8FD-4673-AB2B-DBC386F6EC53}.Release|Any CPU.Build.0 = Release|x64
		{AD16F49C-D8FD-4673-AB2B-DBC386F6EC53}.Release|x64.ActiveCfg = Release|x64
		{AD16F49C-D8FD-4673-AB2B-DBC386F6EC53}.Release|x64.Build.0 = Release|x64
		{AD16F49C-D8FD-4673-AB2B-DBC386F6EC53}.Release|x86.ActiveCfg = Release|Win32
		{AD16F49C-D8FD-4673-AB2B-DBC386F6EC53}.Release|x86.Build.0 = Release|Win32
		{DCC7A6D0-4658-42A7-919E-F07FC448A347}.Debug|Any CPU.ActiveCfg = Debug|x64
		{DCC7A6D0-4658-42A7-919E-F07FC448A347}.Debug|Any CPU.Build.0 = Debug|x64
		{DCC7A6D0-4658-42A7-919E-F07FC448A347}.Debug|x64.ActiveCfg = Debug|x64
		{DCC7A6D0-4658-42A7-919E-F07FC448A347}.Debug|x64.Build.0 = Debug|x64
		{DCC7A6D0-4658-42A7-919E-F07FC448A347}.Debug|x86.ActiveCfg = Debug|Win32
		{DCC7A6D0-4658-42A7-919E-F07FC448A347}.Debug|x86.Build.0 = Debug|Win32
		{DCC7A6D0-4658-42A7-919E-F07FC448A347}.Release|Any CPU.ActiveCfg = Release|x64
		{DCC7A6D0-4658-42A7-919E-F07FC448A347}.Release|Any CPU.Build.0 = Release|x64
		{DCC7A6D0-4658-42A7-919E-F07FC448A347}.Release|x64.ActiveCfg = Release|x64
		{DCC7A6D0-4658-42A7-919E-F07FC448A347}.Release|x64.Build.0 = Release|x64
		{DCC7A6D0-4658-42A7-919E-F07FC448A347}.Release|x86.ActiveCfg = Release|Win32
		{DCC7A6D0-4658-42A7-919E-F07FC448A347}.Release|x86.Build.0 = Release|Win32
		{589F9684-B6E7-4E34-A20E-315CEFBB75A2}.Debug|Any CPU.ActiveCfg = Debug|x64
		{589F9684-B6E7-4E34-A20E-315CEFBB75A2}.Debug|Any CPU.Build.0 = Debug|x64
		{589F9684-B6E7-4E34-A20E-315CEFBB75A2}.Debug|x64.ActiveCfg = Debug|x64
		{589F9684-B6E7-4E34-A20E-315CEFBB75A2}.Debug|x64.Build.0 = Debug|x64
		{589F9684-B6E7-4E34-A20E-315CEFBB75A2}.Debug|x86.ActiveCfg = Debug|Win32
		{589F9684-B6E7-4E34-A20E-315CEFBB75A2}.Debug|x86.Build.0 = Debug|Win32
		{589F9684-B6E7-4E34-A20E-315CEFBB75A2}.Release|Any CPU.ActiveCfg = Release|x64
		{589F9684-B6E7-4E34-A20E-315CEFBB75A2}.Release|Any CPU.Build.0 = Release|x64
		{589F9684-B6E7-4E34-A20E-315CEFBB75A2}.Release|x64.ActiveCfg = Release|x64
		{589F9684-B6E7-4E34-A20E-315CEFBB75A2}.Release|x64.Build.0 = Release|x64
		{589F9684-B6E7-4E34-A20E-315CEFBB75A2}.Release|x86.ActiveCfg = Release|Win32
		{589F9684-B6E7-4E34-A20E-315CEFBB75A2}.Release|x86.Build.0 = Release|Win32
		{81FEA890-65A9-443D-977F-1E0AE18AFFE0}.Debug|Any CPU.ActiveCfg = Debug|x64
		{81FEA890-65A9-443D-977F-1E0AE18AFFE0}.Debug|Any CPU.Build.0 = Debug|x64
		{81FEA890-65A9-443D-977F-1E0AE18AFFE0}.Debug|x64.ActiveCfg = Debug|x64
		{81FEA890-65A9-443D-977F-1E0AE18AFFE0}.Debug|x64.Build.0 = Debug|x64
		{81FEA890-65A9-443D-977F-1E0AE18AFFE0}.Debug|x86.ActiveCfg = Debug|Win32
		{81FEA890-65A9-443D-977F-1E0AE18AFFE0}.Debug|x86.Build.0 = Debug|Win32
		{81FEA890-65A9-443D-977F-1E0AE18AFFE0}.Release|Any CPU.ActiveCfg = Release|x64
		{81FEA890-65A9-443D-977F-1E0AE18AFFE0}.Release|Any CPU.Build.0 = Release|x64
		{81FEA890-65A9-443D-977F-1E0AE18AFFE0}.Release|x64.ActiveCfg = Release|x64
		{81FEA890-65A9-443D-977F-1E0AE18AFFE0}.Release|x64.Build.0 = Release|x64
		{81FEA890-65A9-443D-977F-1E0AE18AFFE0}.Release|x86.ActiveCfg = Release|Win32
		{81FEA890-65A9-443D-977F-1E0AE18AFFE0}.Release|x86.Build.0 = Release|Win32
		{8EE41EF6-4FC1-43BC-9C3A-41C905A1F9D2}.Debug|Any CPU.ActiveCfg = Debug|x64
		{8EE41EF6-4FC1-43BC-9C3A-41C905A1F9D2}.Debug|Any CPU.Build.0 = Debug|x64
		{8EE41EF6-4FC1-43BC-9C3A-41C905A1F9D2}.Debug|x64.ActiveCfg = Debug|x64
		{8EE41EF6-4FC1-43BC-9C3A-41C905A1F9D2}.Debug|x64.Build.0 = Debug|x64
		{8EE41EF6-4FC1-43BC-9C3A-41C905A1F9D2}.Debug|x86.ActiveCfg = Debug|Win32
		{8EE41EF6-4FC1-43BC-9C3A-41C905A1F9D2}.Debug|x86.Build.0 = Debug|Win32
		{8EE41EF6-4FC1-43BC-9C3A-41C905A1F9D2}.Release|Any CPU.ActiveCfg = Release|x64
		{8EE41EF6-4FC1-43BC-9C3A-41C905A1F9D2}.Release|Any CPU.Build.0 = Release|x64
		{8EE41EF6-4FC1-43BC-9C3A-41C905A1F9D2}.Release|x64.ActiveCfg = Release|x64
		{8EE41EF6-4FC1-43BC-9C3A-41C905A1F9D2}.Release|x64.Build.0 = Release|x64
		{8EE41EF6-4FC1-43BC-9C3A-41C905A1F9D2}.Release|x86.ActiveCfg = Release|Win32
		{8EE41EF6-4FC1-43BC-9C3A-41C905A1F9D2}.Release|x86.Build.0 = Release|Win32
		{E6824B7A-C2DD-4B27-B33E-FDEF739AA0D7}.Debug|Any CPU.ActiveCfg = Debug|x64
		{E6824B7A-C2DD-4B27-B33E-FDEF739AA0D7}.Debug|Any CPU.Build.0 = Debug|x64
		{E6824B7A-C2DD-4B27-B33E-FDEF739AA0D7}.Debug|x64.ActiveCfg = Debug|x64
		{E6824B7A-C2DD-4B27-B33E-FDEF739AA0D7}.Debug|x64.Build.0 = Debug|x64
		{E6824B7A-C2DD-4B27-B33E-FDEF739AA0D7}.Debug|x86.ActiveCfg = Debug|Win32
		{E6824B7A-C2DD-4B27-B33E-FDEF739AA0D7}.Debug|x86.Build.0 = Debug|Win32
		{E6824B7A-C2DD-4B27-B33E-FDEF739AA0D7}.Release|Any CPU.ActiveCfg = Release|x64
		{E6824B7A-C2DD-4B27-B33E-FDEF739AA0D7}.Release|Any CPU.Build.0 = Release|x64
		{E6824B7A-C2DD-4B27-B33E-FDEF739AA0D7}.Release|x64.ActiveCfg = Release|x64
		{E6824B7A-C2DD-4B27-B33E-FDEF739AA0D7}.Release|x64.Build.0 = Release|x64
		{E6824B7A-C2DD-4B27-B33E-FDEF739AA0D7}.Release|x86.ActiveCfg = Release|Win32
		{E6824B7A-C2DD-4B27-B33E-FDEF739AA0D7}.Release|x86.Build.0 = Release|Win32
		{7E151C8D-8ADF-43D5-8D4B-735E4B7E6021}.Debug|Any CPU.ActiveCfg = Debug|x64
		{7E151C8D-8ADF-43D5-8D4B-735E4B7E6021}.Debug|Any CPU.Build.0 = Debug|x64
		{7E151C8D-8ADF-43D5-8D4B-735E4B7E6021}.Debug|x64.ActiveCfg = Debug|x64
		{7E151C8D-8ADF-43D5-8D4B-735E4B7E6021}.Debug|x64.Build.0 = Debug|x64
		{7E151C8D-8ADF-43D5-8D4B-735E4B7E6021}.Debug|x86.ActiveCfg = Debug|Win32
		{7E151C8D-8ADF-43D5-8D4B-735E4B7E6021}.Debug|x86.Build.0 = Debug|Win32
		{7E151C8D-8ADF-43D5-8D4B-735E4B7E6021}.Release|Any CPU.ActiveCfg = Release|x64
		{7E151C8D-8ADF-43D5-8D4B-735E4B7E6021}.Release|Any CPU.Build.0 = Release|x64
		{7E151C8D-8ADF-43D5-8D4B-735E4B7E6021}.Release|x64.ActiveCfg = Release|x64
		{7E151C8D-8ADF-43D5-8D4B-735E4B7E6021}.Release|x64.Build.0 = Release|x64
		{7E151C8D-8ADF-43D5-8D4B-735E4B7E6021}.Release|x86.ActiveCfg = Release|Win32
		{7E151C8D-8ADF-43D5-8D4B-735E4B7E6021}.Release|x86.Build.0 = Release|Win32
		{2F6D1472-A3C6-4D16-A52D-20418B0FC281}.Debug|Any CPU.ActiveCfg = Debug|x64
		{2F6D1472-A3C6-4D16-A52D-20418B0FC281}.Debug|Any CPU.Build.0 = Debug|x64
		{2F6D1472-A3C6-4D16-A52D-20418B0FC281}.Debug|x64.ActiveCfg = Debug|x64
		{2F6D1472-A3C6-4D16-A52D-20418B0FC281}.Debug|x64.Build.0 = Debug|x64
		{2F6D1472-A3C6-4D16-A52D-20418B0FC281}.Debug|x86.ActiveCfg = Debug|Win32
		{2F6D1472-A3C6-4D16-A52D-20418B0FC281}.Debug|x86.Build.0 = Debug|Win32
		{2F6D1472-A3C6-4D16-A52D-20418B0FC281}.Release|Any CPU.ActiveCfg = Release|x64
		{2F6D1472-A3C6-4D16-A52D-20418B0FC281}.Release|Any CPU.Build.0 = Release|x64
		{2F6D1472-A3C6-4D16-A52D-20418B0FC281}.Release|x64.ActiveCfg = Release|x64
		{2F6D1472-A3C6-4D16-A52D-20418B0FC281}.Release|x64.Build.0 = Release|x64
		{2F6D1472-A3C6-4D16-A52D-20418B0FC281}.Release|x86.ActiveCfg = Release|Win32
		{2F6D1472-A3C6-4D16-A52D-20418B0FC281}.Release|x86.Build.0 = Release|Win32
		{4C4CEC5E-8A8E-418B-BA69-CB5B3127A76B}.Debug|Any CPU.ActiveCfg = Debug|x64
		{4C4CEC5E-8A8E-418B-BA69-CB5B3127A76B}.Debug|Any CPU.Build.0 = Debug|x64
		{4C4CEC5E-8A8E-418B-BA69-CB5B3127A76B}.Debug|x64.ActiveCfg = Debug|x64
		{4C4CEC5E-8A8E-418B-BA69-CB5B3127A76B}.Debug|x64.Build.0 = Debug|x64
		{4C4CEC5E-8A8E-418B-BA69-CB5B3127A76B}.Debug|x86.ActiveCfg = Debug|Win32
		{4C4CEC5E-8A8E-418B-BA69-CB5B3127A76B}.Debug|x86.Build.0 = Debug|Win32
		{4C4CEC5E-8A8E-418B-BA69-CB5B3127A76B}.Release|Any CPU.ActiveCfg = Release|x64
		{4C4CEC5E-8A8E-418B-BA69-CB5B3127A76B}.Release|Any CPU.Build.0 = Release|x64
		{4C4CEC5E-8A8E-418B-BA69-CB5B3127A76B}.Release|x64.ActiveCfg = Release|x64
		{4C4CEC5E-8A8E-418B-BA69-CB5B3127A76B}.Release|x64.Build.0 = Release|x64
		{4C4CEC5E-8A8E-418B-BA69-CB5B3127A76B}.Release|x86.ActiveCfg = Release|Win32
		{4C4CEC5E-8A8E-418B-BA69-CB5B3127A76B}.Release|x86.Build.0 = Release|Win32
		{24C1BBC0-6ACF-401C-BB93-DA38222ABCC0}.Debug|Any CPU.ActiveCfg = Debug|x64
		{24C1BBC0-6ACF-401C-BB93-DA38222ABCC0}.Debug|Any CPU.Build.0 = Debug|x64
		{24C1BBC0-6ACF-401C-BB93-DA38222ABCC0}.Debug|x64.ActiveCfg = Debug|x64
		{24C1BBC0-6ACF-401C-BB93-DA38222ABCC0}.Debug|x64.Build.0 = Debug|x64
		{24C1BBC0-6ACF-401C-BB93-DA38222ABCC0}.Debug|x86.ActiveCfg = Debug|Win32
		{24C1BBC0-6ACF-401C-BB93-DA38222ABCC0}.Debug|x86.Build.0 = Debug|Win32
		{24C1BBC0-6ACF-401C-BB93-DA38222ABCC0}.Release|Any CPU.ActiveCfg = Release|x64
		{24C1BBC0-6ACF-401C-BB93-DA38222ABCC0}.Release|Any CPU.Build.0 = Release|x64
		{24C1BBC0-6ACF-401C-BB93-DA38222ABCC0}.Release|x64.ActiveCfg = Release|x64
		{24C1BBC0-6ACF-401C-BB93-DA38222ABCC0}.Release|x64.Build.0 = Release|x64
		{24C1BBC0-6ACF-401C-BB93-DA38222ABCC0}.Release|x86.ActiveCfg = Release|Win32
		{24C1BBC0-6ACF-401C-BB93-DA38222ABCC0}.Release|x86.Build.0 = Release|Win32
		{6FE5BAB5-2282-48AC-BFF0-EDF78B169B77}.Debug|Any CPU.ActiveCfg = Debug|x64
		{6FE5BAB5-2282-48AC-BFF0-EDF78B169B77}.Debug|Any CPU.Build.0 = Debug|x64
		{6FE5BAB5-2282-48AC-BFF0-EDF78B169B77}.Debug|x64.ActiveCfg = Debug|x64
		{6FE5BAB5-2282-48AC-BFF0-EDF78B169B77}.Debug|x64.Build.0 = Debug|x64
		{6FE5BAB5-2282-48AC-BFF0-EDF78B169B77}.Debug|x86.ActiveCfg = Debug|Win32
		{6FE5BAB5-2282-48AC-BFF0-EDF78B169B77}.Debug|x86.Build.0 = Debug|Win32
		{6FE5BAB5-2282-48AC-BFF0-EDF78B169B77}.Release|Any CPU.ActiveCfg = Release|x64
		{6FE5BAB5-2282-48AC-BFF0-EDF78B169B77}.Release|Any CPU.Build.0 = Release|x64
		{6FE5BAB5-2282-48AC-BFF0-EDF78B169B77}.Release|x64.ActiveCfg = Release|x64
		{6FE5BAB5-2282-48AC-BFF0-EDF78B169B77}.Release|x64.Build.0 = Release|x64
		{6FE5BAB5-2282-48AC-BFF0-EDF78B169B77}.Release|x86.ActiveCfg = Release|Win32
		{6FE5BAB5-2282-48AC-BFF0-EDF78B169B77}.Release|x86.Build.0 = Release|Win32
		{82080128-490D-41B3-9472-BC3A2D5C781D}.Debug|Any CPU.ActiveCfg = Debug|x64
		{82080128-490D-41B3-9472-BC3A2D5C781D}.Debug|Any CPU.Build.0 = Debug|x64
		{82080128-490D-41B3-9472-BC3A2D5C781D}.Debug|x64.ActiveCfg = Debug|x64
		{82080128-490D-41B3-9472-BC3A2D5C781D}.Debug|x64.Build.0 = Debug|x64
		{82080128-490D-41B3-9472-BC3A2D5C781D}.Debug|x86.ActiveCfg = Debug|Win32
		{82080128-490D-41B3-9472-BC3A2D5C781D}.Debug|x86.Build.0 = Debug|Win32
		{82080128-490D-41B3-9472-BC3A2D5C781D}.Release|Any CPU.ActiveCfg = Release|x64
		{82080128-490D-41B3-9472-BC3A2D5C781D}.Release|Any CPU.Build.0 = Release|x64
		{82080128-490D-41B3-9472-BC3A2D5C781D}.Release|x64.ActiveCfg = Release|x64
		{82080128-490D-41B3-9472-BC3A2D5C781D}.Release|x64.Build.0 = Release|x64
		{82080128-490D-41B3-9472-BC3A2D5C781D}.Release|x86.ActiveCfg = Release|Win32
		{82080128-490D-41B3-9472-BC3A2D5C781D}.Release|x86.Build.0 = Release|Win32
		{6C13DF3C-6CB4-44FC-84AF-E8EEB98D11E8}.Debug|Any CPU.ActiveCfg = Debug|x64
		{6C13DF3C-6CB4-44FC-84AF-E8EEB98D11E8}.Debug|Any CPU.Build.0 = Debug|x64
		{6C13DF3C-6CB4-44FC-84AF-E8EEB98D11E8}.Debug|x64.ActiveCfg = Debug|x64
		{6C13DF3C-6CB4-44FC-84AF-E8EEB98D11E8}.Debug|x64.Build.0 = Debug|x64
		{6C13DF3C-6CB4-44FC-84AF-E8EEB98D11E8}.Debug|x86.ActiveCfg = Debug|Win32
		{6C13DF3C-6CB4-44FC-84AF-E8EEB98D11E8}.Debug|x86.Build.0 = Debug|Win32
		{6C13DF3C-6CB4-44FC-84AF-E8EEB98D11E8}.Release|Any CPU.ActiveCfg = Release|x64
		{6C13DF3C-6CB4-44FC-84AF-E8EEB98D11E8}.Release|Any CPU.Build.0 = Release|x64
		{6C13DF3C-6CB4-44FC-84AF-E8EEB98D11E8}.Release|x64.ActiveCfg = Release|x64
		{6C13DF3C-6CB4-44FC-84AF-E8EEB98D11E8}.Release|x64.Build.0 = Release|x64
		{6C13DF3C-6CB4-44FC-84AF-E8EEB98D11E8}.Release|x86.ActiveCfg = Release|Win32
		{6C13DF3C-6CB4-44FC-84AF-E8EEB98D11E8}.Release|x86.Build.0 = Release|Win32
		{8D6C6492-6A5A-4D83-A15F-A7B0BE8DFEDA}.Debug|Any CPU.ActiveCfg = Debug|x64
		{8D6C6492-6A5A-4D83-A15F-A7B0BE8DFEDA}.Debug|Any CPU.Build.0 = Debug|x64
		{8D6C6492-6A5A-4D83-A15F-A7B0BE8DFEDA}.Debug|x64.ActiveCfg = Debug|x64
		{8D6C6492-6A5A-4D83-A15F-A7B0BE8DFEDA}.Debug|x64.Build.0 = Debug|x64
		{8D6C6492-6A5A-4D83-A15F-A7B0BE8DFEDA}.Debug|x86.ActiveCfg = Debug|Win32
		{8D6C6492-6A5A-4D83-A15F-A7B0BE8DFEDA}.Debug|x86.Build.0 = Debug|Win32
		{8D6C6492-6A5A-4D83-A15F-A7B0BE8DFEDA}.Release|Any CPU.ActiveCfg = Release|x64
		{8D6C6492-6A5A-4D83-A15F-A7B0BE8DFEDA}.Release|Any CPU.Build.0 = Release|x64
		{8D6C6492-6A5A-4D83-A15F-A7B0BE8DFEDA}.Release|x64.ActiveCfg = Release|x64
		{8D6C6492-6A5A-4D83-A15F-A7B0BE8DFEDA}.Release|x64.Build.0 = Release|x64
		{8D6C6492-6A5A-4D83-A15F-A7B0BE8DFEDA}.Release|x86.ActiveCfg = Release|Win32
		{8D6C6492-6A5A-4D83-A15F-A7B0BE8DFEDA}.Release|x86.Build.0 = Release|Win32
		{61584139-31BA-4E56-BBB8-7067B8F84913}.Debug|Any CPU.ActiveCfg = Debug|x64
		{61584139-31BA-4E56-BBB8-7067B8F84913}.Debug|Any CPU.Build.0 = Debug|x64
		{61584139-31BA-4E56-BBB8-7067B8F84913}.Debug|x64.ActiveCfg = Debug|x64
		{61584139-31BA-4E56-BBB8-7067B8F84913}.Debug|x64.Build.0 = Debug|x64
		{61584139-31BA-4E56-BBB8-7067B8F84913}.Debug|x86.ActiveCfg = Debug|Win32
		{61584139-31BA-4E56-BBB8-7067B8F84913}.Debug|x86.Build.0 = Debug|Win32
		{61584139-31BA-4E56-BBB8-7067B8F84913}.Release|Any CPU.ActiveCfg = Release|x64
		{61584139-31BA-4E56-BBB8-7067B8F84913}.Release|Any CPU.Build.0 = Release|x64
		{61584139-31BA-4E56-BBB8-7067B8F84913}.Release|x64.ActiveCfg = Release|x64
		{61584139-31BA-4E56-BBB8-7067B8F84913}.Release|x64.Build.0 = Release|x64
		{61584139-31BA-4E56-BBB8-7067B8F84913}.Release|x86.ActiveCfg = Release|Win32
		{61584139-31BA-4E56-BBB8-7067B8F84913}.Release|x86.Build.0 = Release|Win32
		{4FA2BFA9-FDFA-4237-8557-65A7CE5839AA}.Debug|Any CPU.ActiveCfg = Debug|x64
		{4FA2BFA9-FDFA-4237-8557-65A7CE5839AA}.Debug|Any CPU.Build.0 = Debug|x64
		{4FA2BFA9-FDFA-4237-8557-65A7CE5839AA}.Debug|x64.ActiveCfg = Debug|x64
		{4FA2BFA9-FDFA-4237-8557-65A7CE5839AA}.Debug|x64.Build.0 = Debug|x64
		{4FA2BFA9-FDFA-4237-8557-65A7CE5839AA}.Debug|x86.ActiveCfg = Debug|Win32
		{4FA2BFA9-FDFA-4237-8557-65A7CE5839AA}.Debug|x86.Build.0 = Debug|Win32
		{4FA2BFA9-FDFA-4237-8557-65A7CE5839AA}.Release|Any CPU.ActiveCfg = Release|x64
		{4FA2BFA9-FDFA-4237-8557-65A7CE5839AA}.Release|Any CPU.Build.0 = Release|x64
		{4FA2BFA9-FDFA-4237-8557-65A7CE5839AA}.Release|x64.ActiveCfg = Release|x64
		{4FA2BFA9-FDFA-4237-8557-65A7CE5839AA}.Release|x64.Build.0 = Release|x64
		{4FA2BFA9-FDFA-4237-8557-65A7CE5839AA}.Release|x86.ActiveCfg = Release|Win32
		{4FA2BFA9-FDFA-4237-8557-65A7CE5839AA}.Release|x86.Build.0 = Release|Win32
		{8A76485C-C3BA-4F8F-8E32-EB801C84E2E9}.Debug|Any CPU.ActiveCfg = Debug|x64
		{8A76485C-C3BA-4F8F-8E32-EB801C84E2E9}.Debug|Any CPU.Build.0 = Debug|x64
		{8A76485C-C3BA-4F8F-8E32-EB801C84E2E9}.Debug|x64.ActiveCfg = Debug|x64
		{8A76485C-C3BA-4F8F-8E32-EB801C84E2E9}.Debug|x64.Build.0 = Debug|x64
		{8A76485C-C3BA-4F8F-8E32-EB801C84E2E9}.Debug|x86.ActiveCfg = Debug|Win32
		{8A76485C-C3BA-4F8F-8E32-EB801C84E2E9}.Debug|x86.Build.0 = Debug|Win32
		{8A76485C-C3BA-4F8F-8E32-EB801C84E2E9}.Release|Any CPU.ActiveCfg = Release|x64
		{8A76485C-C3BA-4F8F-8E32-EB801C84E2E9}.Release|Any CPU.Build.0 = Release|x64
		{8A76485C-C3BA-4F8F-8E32-EB801C84E2E9}.Release|x64.ActiveCfg = Release|x64
		{8A76485C-C3BA-4F8F-8E32-EB801C84E2E9}.Release|x64.Build.0 = Release|x64
		{8A76485C-C3BA-4F8F-8E32-EB801C84E2E9}.Release|x86.ActiveCfg = Release|Win32
		{8A76485C-C3BA-4F8F-8E32-EB801C84E2E9}.Release|x86.Build.0 = Release|Win32
		{A2394ADE-9290-4074-B179-6D0C1E6EA00F}.Debug|Any CPU.ActiveCfg = Debug|x64
		{A2394ADE-9290-4074-B179-6D0C1E6EA00F}.Debug|Any CPU.Build.0 = Debug|x64
		{A2394ADE-9290-4074-B179-6D0C1E6EA00F}.Debug|x64.ActiveCfg = Debug|x64
		{A2394ADE-9290-4074-B179-6D0C1E6EA00F}.Debug|x64.Build.0 = Debug|x64
		{A2394ADE-9290-4074-B179-6D0C1E6EA00F}.Debug|x86.ActiveCfg = Debug|Win32
		{A2394ADE-9290-4074-B179-6D0C1E6EA00F}.Debug|x86.Build.0 = Debug|Win32
		{A2394ADE-9290-4074-B179-6D0C1E6EA00F}.Release|Any CPU.ActiveCfg = Release|x64
		{A2394ADE-9290-4074-B179-6D0C1E6EA00F}.Release|Any CPU.Build.0 = Release|x64
		{A2394ADE-9290-4074-B179-6D0C1E6EA00F}.Release|x64.ActiveCfg = Release|x64
		{A2394ADE-9290-4074-B179-6D0C1E6EA00F}.Release|x64.Build.0 = Release|x64
		{A2394ADE-9290-4074-B179-6D0C1E6EA00F}.Release|x86.ActiveCfg = Release|Win32
		{A2394ADE-9290-4074-B179-6D0C1E6EA00F}.Release|x86.Build.0 = Release|Win32
		{83C3BE83-6CEE-4A67-B20D-15C287F0E52D}.Debug|Any CPU.ActiveCfg = Debug|x64
		{83C3BE83-6CEE-4A67-B20D-15C287F0E52D}.Debug|Any CPU.Build.0 = Debug|x64
		{83C3BE83-6CEE-4A67-B20D-15C287F0E52D}.Debug|x64.ActiveCfg = Debug|x64
		{83C3BE83-6CEE-4A67-B20D-15C287F0E52D}.Debug|x64.Build.0 = Debug|x64
		{83C3BE83-6CEE-4A67-B20D-15C287F0E52D}.Debug|x86.ActiveCfg = Debug|Win32
		{83C3BE83-6CEE-4A67-B20D-15C287F0E52D}.Debug|x86.Build.0 = Debug|Win32
		{83C3BE83-6CEE-4A67-B20D-15C287F0E52D}.Release|Any CPU.ActiveCfg = Release|x64
		{83C3BE83-6CEE-4A67-B20D-15C287F0E52D}.Release|Any CPU.Build.0 = Release|x64
		{83C3BE83-6CEE-4A67-B20D-15C287F0E52D}.Release|x64.ActiveCfg = Release|x64
		{83C3BE83-6CEE-4A67-B20D-15C287F0E52D}.Release|x64.Build.0 = Release|x64
		{83C3BE83-6CEE-4A67-B20D-15C287F0E52D}.Release|x86.ActiveCfg = Release|Win32
		{83C3BE83-6CEE-4A67-B20D-15C287F0E52D}.Release|x86.Build.0 = Release|Win32
		{CC2FD48C-44AE-481F-B009-D65DE565BB2D}.Debug|Any CPU.ActiveCfg = Debug|x64
		{CC2FD48C-44AE-481F-B009-D65DE565BB2D}.Debug|Any CPU.Build.0 = Debug|x64
		{CC2FD48C-44AE-481F-B009-D65DE565BB2D}.Debug|x64.ActiveCfg = Debug|x64
		{CC2FD48C-44AE-481F-B009-D65DE565BB2D}.Debug|x64.Build.0 = Debug|x64
		{CC2FD48C-44AE-481F-B009-D65DE565BB2D}.Debug|x86.ActiveCfg = Debug|Win32
		{CC2FD48C-44AE-481F-B009-D65DE565BB2D}.Debug|x86.Build.0 = Debug|Win32
		{CC2FD48C-44AE-481F-B009-D65DE565BB2D}.Release|Any CPU.ActiveCfg = Release|x64
		{CC2FD48C-44AE-481F-B009-D65DE565BB2D}.Release|Any CPU.Build.0 = Release|x64
		{CC2FD48C-44AE-481F-B009-D65DE565BB2D}.Release|x64.ActiveCfg = Release|x64
		{CC2FD48C-44AE-481F-B009-D65DE565BB2D}.Release|x64.Build.0 = Release|x64
		{CC2FD48C-44AE-481F-B009-D65DE565BB2D}.Release|x86.ActiveCfg = Release|Win32
		{CC2FD48C-44AE-481F-B009-D65DE565BB2D}.Release|x86.Build.0 = Release|Win32
		{DA8BD537-2907-411F-9535-60C73F5DB535}.Debug|Any CPU.ActiveCfg = Debug|x64
		{DA8BD537-2907-411F-9535-60C73F5DB535}.Debug|Any CPU.Build.0 = Debug|x64
		{DA8BD537-2907-411F-9535-60C73F5DB535}.Debug|x64.ActiveCfg = Debug|x64
		{DA8BD537-2907-411F-9535-60C73F5DB535}.Debug|x64.Build.0 = Debug|x64
		{DA8BD537-2907-411F-9535-60C73F5DB535}.Debug|x86.ActiveCfg = Debug|Win32
		{DA8BD537-2907-411F-9535-60C73F5DB535}.Debug|x86.Build.0 = Debug|Win32
		{DA8BD537-2907-411F-9535-60C73F5DB535}.Release|Any CPU.ActiveCfg = Release|x64
		{DA8BD537-2907-411F-9535-60C73F5DB535}.Release|Any CPU.Build.0 = Release|x64
		{DA8BD537-2907-411F-9535-60C73F5DB535}.Release|x64.ActiveCfg = Release|x64
		{DA8BD537-2907-411F-9535-60C73F5DB535}.Release|x64.Build.0 = Release|x64
		{DA8BD537-2907-411F-9535-60C73F5DB535}.Release|x86.ActiveCfg = Release|Win32
		{DA8BD537-2907-411F-9535-60C73F5DB535}.Release|x86.Build.0 = Release|Win32
		{026441C2-6CF5-423A-B9C3-113F98DA69E0}.Debug|Any CPU.ActiveCfg = Debug|x64
		{026441C2-6CF5-423A-B9C3-113F98DA69E0}.Debug|Any CPU.Build.0 = Debug|x64
		{026441C2-6CF5-423A-B9C3-113F98DA69E0}.Debug|x64.ActiveCfg = Debug|x64
		{026441C2-6CF5-423A-B9C3-113F98DA69E0}.Debug|x64.Build.0 = Debug|x64
		{026441C2-6CF5-423A-B9C3-113F98DA69E0}.Debug|x86.ActiveCfg = Debug|Win32
		{026441C2-6CF5-423A-B9C3-113F98DA69E0}.Debug|x86.Build.0 = Debug|Win32
		{026441C2-6CF5-423A-B9C3-113F98DA69E0}.Release|Any CPU.ActiveCfg = Release|x64
		{026441C2-6CF5-423A-B9C3-113F98DA69E0}.Release|Any CPU.Build.0 = Release|x64
		{026441C2-6CF5-423A-B9C3-113F98DA69E0}.Release|x64.ActiveCfg = Release|x64
		{026441C2-6CF5-423A-B9C3-113F98DA69E0}.Release|x64.Build.0 = Release|x64
		{026441C2-6CF5-423A-B9C3-113F98DA69E0}.Release|x86.ActiveCfg = Release|Win32
		{026441C2-6CF5-423A-B9C3-113F98DA69E0}.Release|x86.Build.0 = Release|Win32
		{BBF69EF8-F652-49B6-AA7C-4BC171FAE260}.Debug|Any CPU.ActiveCfg = Debug|x64
		{BBF69EF8-F652-49B6-AA7C-4BC171FAE260}.Debug|Any CPU.Build.0 = Debug|x64
		{BBF69EF8-F652-49B6-AA7C-4BC171FAE260}.Debug|x64.ActiveCfg = Debug|x64
		{BBF69EF8-F652-49B6-AA7C-4BC171FAE260}.Debug|x64.Build.0 = Debug|x64
		{BBF69EF8-F652-49B6-AA7C-4BC171FAE260}.Debug|x86.ActiveCfg = Debug|Win32
		{BBF69EF8-F652-49B6-AA7C-4BC171FAE260}.Debug|x86.Build.0 = Debug|Win32
		{BBF69EF8-F652-49B6-AA7C-4BC171FAE260}.Release|Any CPU.ActiveCfg = Release|x64
		{BBF69EF8-F652-49B6-AA7C-4BC171FAE260}.Release|Any CPU.Build.0 = Release|x64
		{BBF69EF8-F652-49B6-AA7C-4BC171FAE260}.Release|x64.ActiveCfg = Release|x64
		{BBF69EF8-F652-49B6-AA7C-4BC171FAE260}.Release|x64.Build.0 = Release|x64
		{BBF69EF8-F652-49B6-AA7C-4BC171FAE260}.Release|x86.ActiveCfg = Release|Win32
		{BBF69EF8-F652-49B6-AA7C-4BC171FAE260}.Release|x86.Build.0 = Release|Win32
		{6BA8B44E-D8F9-463B-BE96-E16F190D7D8B}.Debug|Any CPU.ActiveCfg = Debug|x64
		{6BA8B44E-D8F9-463B-BE96-E16F190D7D8B}.Debug|Any CPU.Build.0 = Debug|x64
		{6BA8B44E-D8F9-463B-BE96-E16F190D7D8B}.Debug|x64.ActiveCfg = Debug|x64
		{6BA8B44E-D8F9-463B-BE96-E16F190D7D8B}.Debug|x64.Build.0 = Debug|x64
		{6BA8B44E-D8F9-463B-BE96-E16F190D7D8B}.Debug|x86.ActiveCfg = Debug|Win32
		{6BA8B44E-D8F9-463B-BE96-E16F190D7D8B}.Debug|x86.Build.0 = Debug|Win32
		{6BA8B44E-D8F9-463B-BE96-E16F190D7D8B}.Release|Any CPU.ActiveCfg = Release|x64
		{6BA8B44E-D8F9-463B-BE96-E16F190D7D8B}.Release|Any CPU.Build.0 = Release|x64
		{6BA8B44E-D8F9-463B-BE96-E16F190D7D8B}.Release|x64.ActiveCfg = Release|x64
		{6BA8B44E-D8F9-463B-BE96-E16F190D7D8B}.Release|x64.Build.0 = Release|x64
		{6BA8B44E-D8F9-463B-BE96-E16F190D7D8B}.Release|x86.ActiveCfg = Release|Win32
		{6BA8B44E-D8F9-463B-BE96-E16F190D7D8B}.Release|x86.Build.0 = Release|Win32
		{9C6FBBEB-90B7-4E77-9C05-B16BD9CB4776}.Debug|Any CPU.ActiveCfg = Debug|x64
		{9C6FBBEB-90B7-4E77-9C05-B16BD9CB4776}.Debug|Any CPU.Build.0 = Debug|x64
		{9C6FBBEB-90B7-4E77-9C05-B16BD9CB4776}.Debug|x64.ActiveCfg = Debug|x64
		{9C6FBBEB-90B7-4E77-9C05-B16BD9CB4776}.Debug|x64.Build.0 = Debug|x64
		{9C6FBBEB-90B7-4E77-9C05-B16BD9CB4776}.Debug|x86.ActiveCfg = Debug|Win32
		{9C6FBBEB-90B7-4E77-9C05-B16BD9CB4776}.Debug|x86.Build.0 = Debug|Win32
		{9C6FBBEB-90B7-4E77-9C05-B16BD9CB4776}.Release|Any CPU.ActiveCfg = Release|x64
		{9C6FBBEB-90B7-4E77-9C05-B16BD9CB4776}.Release|Any CPU.Build.0 = Release|x64
		{9C6FBBEB-90B7-4E77-9C05-B16BD9CB4776}.Release|x64.ActiveCfg = Release|x64
		{9C6FBBEB-90B7-4E77-9C05-B16BD9CB4776}.Release|x64.Build.0 = Release|x64
		{9C6FBBEB-90B7-4E77-9C05-B16BD9CB4776}.Release|x86.ActiveCfg = Release|Win32
		{9C6FBBEB-90B7-4E77-9C05-B16BD9CB4776}.Release|x86.Build.0 = Release|Win32
		{E480DAC6-92B0-4E24-BAD2-8A8443118A39}.Debug|Any CPU.ActiveCfg = Debug|x64
		{E480DAC6-92B0-4E24-BAD2-8A8443118A39}.Debug|Any CPU.Build.0 = Debug|x64
		{E480DAC6-92B0-4E24-BAD2-8A8443118A39}.Debug|x64.ActiveCfg = Debug|x64
		{E480DAC6-92B0-4E24-BAD2-8A8443118A39}.Debug|x64.Build.0 = Debug|x64
		{E480DAC6-92B0-4E24-BAD2-8A8443118A39}.Debug|x86.ActiveCfg = Debug|Win32
		{E480DAC6-92B0-4E24-BAD2-8A8443118A39}.Debug|x86.Build.0 = Debug|Win32
		{E480DAC6-92B0-4E24-BAD2-8A8443118A39}.Release|Any CPU.ActiveCfg = Release|x64
		{E480DAC6-92B0-4E24-BAD2-8A8443118A39}.Release|Any CPU.Build.0 = Release|x64
		{E480DAC6-92B0-4E24-BAD2-8A8443118A39}.Release|x64.ActiveCfg = Release|x64
		{E480DAC6-92B0-4E24-BAD2-8A8443118A39}.Release|x64.Build.0 = Release|x64
		{E480DAC6-92B0-4E24-BAD2-8A8443118A39}.Release|x86.ActiveCfg = Release|Win32
		{E480DAC6-92B0-4E24-BAD2-8A8443118A39}.Release|x86.Build.0 = Release|Win32
		{2BA49A59-C099-4A20-BEEB-68D24F054C18}.Debug|Any CPU.ActiveCfg = Debug|x64
		{2BA49A59-C099-4A20-BEEB-68D24F054C18}.Debug|Any CPU.Build.0 = Debug|x64
		{2BA49A59-C099-4A20-BEEB-68D24F054C18}.Debug|x64.ActiveCfg = Debug|x64
		{2BA49A59-C099-4A20-BEEB-68D24F054C18}.Debug|x64.Build.0 = Debug|x64
		{2BA49A59-C099-4A20-BEEB-68D24F054C18}.Debug|x86.ActiveCfg = Debug|Win32
		{2BA49A59-C099-4A20-BEEB-68D24F054C18}.Debug|x86.Build.0 = Debug|Win32
		{2BA49A59-C099-4A20-BEEB-68D24F054C18}.Release|Any CPU.ActiveCfg = Release|x64
		{2BA49A59-C099-4A20-BEEB-68D24F054C18}.Release|Any CPU.Build.0 = Release|x64
		{2BA49A59-C099-4A20-BEEB-68D24F054C18}.Release|x64.ActiveCfg = Release|x64
		{2BA49A59-C099-4A20-BEEB-68D24F054C18}.Release|x64.Build.0 = Release|x64
		{2BA49A59-C099-4A20-BEEB-68D24F054C18}.Release|x86.ActiveCfg = Release|Win32
		{2BA49A59-C099-4A20-BEEB-68D24F054C18}.Release|x86.Build.0 = Release|Win32
		{58B450C3-41F9-4A45-981D-F71A3337C161}.Debug|Any CPU.ActiveCfg = Debug|x64
		{58B450C3-41F9-4A45-981D-F71A3337C161}.Debug|Any CPU.Build.0 = Debug|x64
		{58B450C3-41F9-4A45-981D-F71A3337C161}.Debug|x64.ActiveCfg = Debug|x64
		{58B450C3-41F9-4A45-981D-F71A3337C161}.Debug|x64.Build.0 = Debug|x64
		{58B450C3-41F9-4A45-981D-F71A3337C161}.Debug|x86.ActiveCfg = Debug|Win32
		{58B450C3-41F9-4A45-981D-F71A3337C161}.Debug|x86.Build.0 = Debug|Win32
		{58B450C3-41F9-4A45-981D-F71A3337C161}.Release|Any CPU.ActiveCfg = Release|x64
		{58B450C3-41F9-4A45-981D-F71A3337C161}.Release|Any CPU.Build.0 = Release|x64
		{58B450C3-41F9-4A45-981D-F71A3337C161}.Release|x64.ActiveCfg = Release|x64
		{58B450C3-41F9-4A45-981D-F71A3337C161}.Release|x64.Build.0 = Release|x64
		{58B450C3-41F9-4A45-981D-F71A3337C161}.Release|x86.ActiveCfg = Release|Win32
		{58B450C3-41F9-4A45-981D-F71A3337C161}.Release|x86.Build.0 = Release|Win32
		{A2271200-344B-4237-A44F-F79EC3E21613}.Debug|Any CPU.ActiveCfg = Debug|x64
		{A2271200-344B-4237-A44F-F79EC3E21613}.Debug|Any CPU.Build.0 = Debug|x64
		{A2271200-344B-4237-A44F-F79EC3E21613}.Debug|x64.ActiveCfg = Debug|x64
		{A2271200-344B-4237-A44F-F79EC3E21613}.Debug|x64.Build.0 = Debug|x64
		{A2271200-344B-4237-A44F-F79EC3E21613}.Debug|x86.ActiveCfg = Debug|Win32
		{A2271200-344B-4237-A44F-F79EC3E21613}.Debug|x86.Build.0 = Debug|Win32
		{A2271200-344B-4237-A44F-F79EC3E21613}.Release|Any CPU.ActiveCfg = Release|x64
		{A2271200-344B-4237-A44F-F79EC3E21613}.Release|Any CPU.Build.0 = Release|x64
		{A2271200-344B-4237-A44F-F79EC3E21613}.Release|x64.ActiveCfg = Release|x64
		{A2271200-344B-4237-A44F-F79EC3E21613}.Release|x64.Build.0 = Release|x64
		{A2271200-344B-4237-A44F-F79EC3E21613}.Release|x86.ActiveCfg = Release|Win32
		{A2271200-344B-4237-A44F-F79EC3E21613}.Release|x86.Build.0 = Release|Win32
		{51CC6DF7-24DA-4BD9-BF4B-DA6FF46A1DAC}.Debug|Any CPU.ActiveCfg = Debug|x64
		{51CC6DF7-24DA-4BD9-BF4B-DA6FF46A1DAC}.Debug|Any CPU.Build.0 = Debug|x64
		{51CC6DF7-24DA-4BD9-BF4B-DA6FF46A1DAC}.Debug|x64.ActiveCfg = Debug|x64
		{51CC6DF7-24DA-4BD9-BF4B-DA6FF46A1DAC}.Debug|x64.Build.0 = Debug|x64
		{51CC6DF7-24DA-4BD9-BF4B-DA6FF46A1DAC}.Debug|x86.ActiveCfg = Debug|Win32
		{51CC6DF7-24DA-4BD9-BF4B-DA6FF46A1DAC}.Debug|x86.Build.0 = Debug|Win32
		{51CC6DF7-24DA-4BD9-BF4B-DA6FF46A1DAC}.Release|Any CPU.ActiveCfg = Release|x64
		{51CC6DF7-24DA-4BD9-BF4B-DA6FF46A1DAC}.Release|Any CPU.Build.0 = Release|x64
		{51CC6DF7-24DA-4BD9-BF4B-DA6FF46A1DAC}.Release|x64.ActiveCfg = Release|x64
		{51CC6DF7-24DA-4BD9-BF4B-DA6FF46A1DAC}.Release|x64.Build.0 = Release|x64
		{51CC6DF7-24DA-4BD9-BF4B-DA6FF46A1DAC}.Release|x86.ActiveCfg = Release|Win32
		{51CC6DF7-24DA-4BD9-BF4B-DA6FF46A1DAC}.Release|x86.Build.0 = Release|Win32
		{AFD9E7AF-17EF-4A32-9E0B-D16A628FDBDD}.Debug|Any CPU.ActiveCfg = Debug|x64
		{AFD9E7AF-17EF-4A32-9E0B-D16A628FDBDD}.Debug|Any CPU.Build.0 = Debug|x64
		{AFD9E7AF-17EF-4A32-9E0B-D16A628FDBDD}.Debug|x64.ActiveCfg = Debug|x64
		{AFD9E7AF-17EF-4A32-9E0B-D16A628FDBDD}.Debug|x64.Build.0 = Debug|x64
		{AFD9E7AF-17EF-4A32-9E0B-D16A628FDBDD}.Debug|x86.ActiveCfg = Debug|Win32
		{AFD9E7AF-17EF-4A32-9E0B-D16A628FDBDD}.Debug|x86.Build.0 = Debug|Win32
		{AFD9E7AF-17EF-4A32-9E0B-D16A628FDBDD}.Release|Any CPU.ActiveCfg = Release|x64
		{AFD9E7AF-17EF-4A32-9E0B-D16A628FDBDD}.Release|Any CPU.Build.0 = Release|x64
		{AFD9E7AF-17EF-4A32-9E0B-D16A628FDBDD}.Release|x64.ActiveCfg = Release|x64
		{AFD9E7AF-17EF-4A32-9E0B-D16A628FDBDD}.Release|x64.Build.0 = Release|x64
		{AFD9E7AF-17EF-4A32-9E0B-D16A628FDBDD}.Release|x86.ActiveCfg = Release|Win32
		{AFD9E7AF-17EF-4A32-9E0B-D16A628FDBDD}.Release|x86.Build.0 = Release|Win32
		{EA721B70-7E69-4208-B64F-F2ECD35536D0}.Debug|Any CPU.ActiveCfg = Debug|x64
		{EA721B70-7E69-4208-B64F-F2ECD35536D0}.Debug|Any CPU.Build.0 = Debug|x64
		{EA721B70-7E69-4208-B64F-F2ECD35536D0}.Debug|x64.ActiveCfg = Debug|x64
		{EA721B70-7E69-4208-B64F-F2ECD35536D0}.Debug|x64.Build.0 = Debug|x64
		{EA721B70-7E69-4208-B64F-F2ECD35536D0}.Debug|x86.ActiveCfg = Debug|Win32
		{EA721B70-7E69-4208-B64F-F2ECD35536D0}.Debug|x86.Build.0 = Debug|Win32
		{EA721B70-7E69-4208-B64F-F2ECD35536D0}.Release|Any CPU.ActiveCfg = Release|x64
		{EA721B70-7E69-4208-B64F-F2ECD35536D0}.Release|Any CPU.Build.0 = Release|x64
		{EA721B70-7E69-4208-B64F-F2ECD35536D0}.Release|x64.ActiveCfg = Release|x64
		{EA721B70-7E69-4208-B64F-F2ECD35536D0}.Release|x64.Build.0 = Release|x64
		{EA721B70-7E69-4208-B64F-F2ECD35536D0}.Release|x86.ActiveCfg = Release|Win32
		{EA721B70-7E69-4208-B64F-F2ECD35536D0}.Release|x86.Build.0 = Release|Win32
		{A555D7BC-3974-4271-B4B0-8330270A92DB}.Debug|Any CPU.ActiveCfg = Debug|x64
		{A555D7BC-3974-4271-B4B0-8330270A92DB}.Debug|Any CPU.Build.0 = Debug|x64
		{A555D7BC-3974-4271-B4B0-8330270A92DB}.Debug|x64.ActiveCfg = Debug|x64
		{A555D7BC-3974-4271-B4B0-8330270A92DB}.Debug|x64.Build.0 = Debug|x64
		{A555D7BC-3974-4271-B4B0-8330270A92DB}.Debug|x86.ActiveCfg = Debug|Win32
		{A555D7BC-3974-4271-B4B0-8330270A92DB}.Debug|x86.Build.0 = Debug|Win32
		{A555D7BC-3974-4271-B4B0-8330270A92DB}.Release|Any CPU.ActiveCfg = Release|x64
		{A555D7BC-3974-4271-B4B0-8330270A92DB}.Release|Any CPU.Build.0 = Release|x64
		{A555D7BC-3974-4271-B4B0-8330270A92DB}.Release|x64.ActiveCfg = Release|x64
		{A555D7BC-3974-4271-B4B0-8330270A92DB}.Release|x64.Build.0 = Release|x64
		{A555D7BC-3974-4271-B4B0-8330270A92DB}.Release|x86.ActiveCfg = Release|Win32
		{A555D7BC-3974-4271-B4B0-8330270A92DB}.Release|x86.Build.0 = Release|Win32
		{93465780-387D-4CA9-B78F-BFBA12C899F5}.Debug|Any CPU.ActiveCfg = Debug|x64
		{93465780-387D-4CA9-B78F-BFBA12C899F5}.Debug|Any CPU.Build.0 = Debug|x64
		{93465780-387D-4CA9-B78F-BFBA12C899F5}.Debug|x64.ActiveCfg = Debug|x64
		{93465780-387D-4CA9-B78F-BFBA12C899F5}.Debug|x64.Build.0 = Debug|x64
		{93465780-387D-4CA9-B78F-BFBA12C899F5}.Debug|x86.ActiveCfg = Debug|Win32
		{93465780-387D-4CA9-B78F-BFBA12C899F5}.Debug|x86.Build.0 = Debug|Win32
		{93465780-387D-4CA9-B78F-BFBA12C899F5}.Release|Any CPU.ActiveCfg = Release|x64
		{93465780-387D-4CA9-B78F-BFBA12C899F5}.Release|Any CPU.Build.0 = Release|x64
		{93465780-387D-4CA9-B78F-BFBA12C899F5}.Release|x64.ActiveCfg = Release|x64
		{93465780-387D-4CA9-B78F-BFBA12C899F5}.Release|x64.Build.0 = Release|x64
		{93465780-387D-4CA9-B78F-BFBA12C899F5}.Release|x86.ActiveCfg = Release|Win32
		{93465780-387D-4CA9-B78F-BFBA12C899F5}.Release|x86.Build.0 = Release|Win32
		{C54EE4BD-500F-40C4-AA10-C65CB10E3B77}.Debug|Any CPU.ActiveCfg = Debug|x64
		{C54EE4BD-500F-40C4-AA10-C65CB10E3B77}.Debug|Any CPU.Build.0 = Debug|x64
		{C54EE4BD-500F-40C4-AA10-C65CB10E3B77}.Debug|x64.ActiveCfg = Debug|x64
		{C54EE4BD-500F-40C4-AA10-C65CB10E3B77}.Debug|x64.Build.0 = Debug|x64
		{C54EE4BD-500F-40C4-AA10-C65CB10E3B77}.Debug|x86.ActiveCfg = Debug|Win32
		{C54EE4BD-500F-40C4-AA10-C65CB10E3B77}.Debug|x86.Build.0 = Debug|Win32
		{C54EE4BD-500F-40C4-AA10-C65CB10E3B77}.Release|Any CPU.ActiveCfg = Release|x64
		{C54EE4BD-500F-40C4-AA10-C65CB10E3B77}.Release|Any CPU.Build.0 = Release|x64
		{C54EE4BD-500F-40C4-AA10-C65CB10E3B77}.Release|x64.ActiveCfg = Release|x64
		{C54EE4BD-500F-40C4-AA10-C65CB10E3B77}.Release|x64.Build.0 = Release|x64
		{C54EE4BD-500F-40C4-AA10-C65CB10E3B77}.Release|x86.ActiveCfg = Release|Win32
		{C54EE4BD-500F-40C4-AA10-C65CB10E3B77}.Release|x86.Build.0 = Release|Win32
	EndGlobalSection
	GlobalSection(SolutionProperties) = preSolution
		HideSolutionNode = FALSE
	EndGlobalSection
	GlobalSection(NestedProjects) = preSolution
		{A3A3E897-DC10-46C0-A285-43AD69CA4807} = {1C34028B-77E2-4E6A-8F6E-4F14B3798F9A}
		{A4DA22F4-D847-4527-BB37-2557448C5B20} = {1C34028B-77E2-4E6A-8F6E-4F14B3798F9A}
		{06132462-4D5D-4D4D-AA14-F5A8FAFCB20F} = {50FD3EC0-CD11-4039-85FC-748910258458}
		{7E151C8D-8ADF-43D5-8D4B-735E4B7E6021} = {2FA4B389-C3E5-4AEC-B018-063A3280393C}
		{61584139-31BA-4E56-BBB8-7067B8F84913} = {2FA4B389-C3E5-4AEC-B018-063A3280393C}
		{A2394ADE-9290-4074-B179-6D0C1E6EA00F} = {2FA4B389-C3E5-4AEC-B018-063A3280393C}
		{DA8BD537-2907-411F-9535-60C73F5DB535} = {2FA4B389-C3E5-4AEC-B018-063A3280393C}
		{6BA8B44E-D8F9-463B-BE96-E16F190D7D8B} = {2FA4B389-C3E5-4AEC-B018-063A3280393C}
		{9C6FBBEB-90B7-4E77-9C05-B16BD9CB4776} = {2FA4B389-C3E5-4AEC-B018-063A3280393C}
		{2BA49A59-C099-4A20-BEEB-68D24F054C18} = {2FA4B389-C3E5-4AEC-B018-063A3280393C}
		{AFD9E7AF-17EF-4A32-9E0B-D16A628FDBDD} = {2FA4B389-C3E5-4AEC-B018-063A3280393C}
		{C54EE4BD-500F-40C4-AA10-C65CB10E3B77} = {2FA4B389-C3E5-4AEC-B018-063A3280393C}
	EndGlobalSection
	GlobalSection(ExtensibilityGlobals) = postSolution
		SolutionGuid = {B8BD7296-0ED8-412E-9602-C1E22D0B6A30}
	EndGlobalSection
EndGlobal
